// !$*UTF8*$!
{
	archiveVersion = 1;
	classes = {
	};
	objectVersion = 50;
	objects = {

/* Begin PBXBuildFile section */
		3210EA5B20F44E10003DA7A8 /* FlickrAPIConfiguration.swift in Sources */ = {isa = PBXBuildFile; fileRef = 3210EA5A20F44E10003DA7A8 /* FlickrAPIConfiguration.swift */; };
		3210EA5D20F44EC4003DA7A8 /* FlickrGetRecentResponseModel.swift in Sources */ = {isa = PBXBuildFile; fileRef = 3210EA5C20F44EC4003DA7A8 /* FlickrGetRecentResponseModel.swift */; };
		3210EA6020F4885C003DA7A8 /* FlickrPhotoResponseModel.swift in Sources */ = {isa = PBXBuildFile; fileRef = 3210EA5F20F4885C003DA7A8 /* FlickrPhotoResponseModel.swift */; };
		3210EA6620F5C763003DA7A8 /* FlickrPhotoHeaderView.swift in Sources */ = {isa = PBXBuildFile; fileRef = 3210EA6520F5C763003DA7A8 /* FlickrPhotoHeaderView.swift */; };
		3210EA6820F73BDE003DA7A8 /* FlickrSharedResources.swift in Sources */ = {isa = PBXBuildFile; fileRef = 3210EA6720F73BDE003DA7A8 /* FlickrSharedResources.swift */; };
		3210EA6A20F74077003DA7A8 /* FlickrResponseViewModel.swift in Sources */ = {isa = PBXBuildFile; fileRef = 3210EA6920F74077003DA7A8 /* FlickrResponseViewModel.swift */; };
		3210EA6C20F88115003DA7A8 /* FlickrPhotosSearchResponseModel.swift in Sources */ = {isa = PBXBuildFile; fileRef = 3210EA6B20F88115003DA7A8 /* FlickrPhotosSearchResponseModel.swift */; };
		32190BF220F3442B000258CA /* AppDelegate.swift in Sources */ = {isa = PBXBuildFile; fileRef = 32190BF120F3442B000258CA /* AppDelegate.swift */; };
		32190BF920F3442C000258CA /* Assets.xcassets in Resources */ = {isa = PBXBuildFile; fileRef = 32190BF820F3442C000258CA /* Assets.xcassets */; };
		32190BFC20F3442C000258CA /* LaunchScreen.storyboard in Resources */ = {isa = PBXBuildFile; fileRef = 32190BFA20F3442C000258CA /* LaunchScreen.storyboard */; };
		32190C0420F3456A000258CA /* FlickrPhotosViewController.swift in Sources */ = {isa = PBXBuildFile; fileRef = 32190C0320F3456A000258CA /* FlickrPhotosViewController.swift */; };
		32190C0620F3463A000258CA /* FlickrAPI.swift in Sources */ = {isa = PBXBuildFile; fileRef = 32190C0520F3463A000258CA /* FlickrAPI.swift */; };
		32190C0A20F34B08000258CA /* FlickrPhotoCell.swift in Sources */ = {isa = PBXBuildFile; fileRef = 32190C0920F34B08000258CA /* FlickrPhotoCell.swift */; };
		3249C81424568CC200F8737D /* FlickrPhotoResponseViewModel.swift in Sources */ = {isa = PBXBuildFile; fileRef = 3249C81324568CC200F8737D /* FlickrPhotoResponseViewModel.swift */; };
		3249C81A2459D63100F8737D /* UIImageExtensions.swift in Sources */ = {isa = PBXBuildFile; fileRef = 3249C8192459D63100F8737D /* UIImageExtensions.swift */; };
		3249C81C245FD1EC00F8737D /* ImageCache.swift in Sources */ = {isa = PBXBuildFile; fileRef = 3249C81B245FD1EC00F8737D /* ImageCache.swift */; };
/* End PBXBuildFile section */

/* Begin PBXFileReference section */
		3210EA5A20F44E10003DA7A8 /* FlickrAPIConfiguration.swift */ = {isa = PBXFileReference; lastKnownFileType = sourcecode.swift; path = FlickrAPIConfiguration.swift; sourceTree = "<group>"; };
		3210EA5C20F44EC4003DA7A8 /* FlickrGetRecentResponseModel.swift */ = {isa = PBXFileReference; lastKnownFileType = sourcecode.swift; path = FlickrGetRecentResponseModel.swift; sourceTree = "<group>"; };
		3210EA5F20F4885C003DA7A8 /* FlickrPhotoResponseModel.swift */ = {isa = PBXFileReference; lastKnownFileType = sourcecode.swift; path = FlickrPhotoResponseModel.swift; sourceTree = "<group>"; };
		3210EA6520F5C763003DA7A8 /* FlickrPhotoHeaderView.swift */ = {isa = PBXFileReference; lastKnownFileType = sourcecode.swift; path = FlickrPhotoHeaderView.swift; sourceTree = "<group>"; };
		3210EA6720F73BDE003DA7A8 /* FlickrSharedResources.swift */ = {isa = PBXFileReference; lastKnownFileType = sourcecode.swift; path = FlickrSharedResources.swift; sourceTree = "<group>"; };
		3210EA6920F74077003DA7A8 /* FlickrResponseViewModel.swift */ = {isa = PBXFileReference; lastKnownFileType = sourcecode.swift; path = FlickrResponseViewModel.swift; sourceTree = "<group>"; };
		3210EA6B20F88115003DA7A8 /* FlickrPhotosSearchResponseModel.swift */ = {isa = PBXFileReference; lastKnownFileType = sourcecode.swift; path = FlickrPhotosSearchResponseModel.swift; sourceTree = "<group>"; };
		32190BEE20F3442B000258CA /* FlickrSearch.app */ = {isa = PBXFileReference; explicitFileType = wrapper.application; includeInIndex = 0; path = FlickrSearch.app; sourceTree = BUILT_PRODUCTS_DIR; };
		32190BF120F3442B000258CA /* AppDelegate.swift */ = {isa = PBXFileReference; lastKnownFileType = sourcecode.swift; path = AppDelegate.swift; sourceTree = "<group>"; };
		32190BF820F3442C000258CA /* Assets.xcassets */ = {isa = PBXFileReference; lastKnownFileType = folder.assetcatalog; path = Assets.xcassets; sourceTree = "<group>"; };
		32190BFB20F3442C000258CA /* Base */ = {isa = PBXFileReference; lastKnownFileType = file.storyboard; name = Base; path = Base.lproj/LaunchScreen.storyboard; sourceTree = "<group>"; };
		32190BFD20F3442C000258CA /* Info.plist */ = {isa = PBXFileReference; lastKnownFileType = text.plist.xml; path = Info.plist; sourceTree = "<group>"; };
		32190C0320F3456A000258CA /* FlickrPhotosViewController.swift */ = {isa = PBXFileReference; lastKnownFileType = sourcecode.swift; path = FlickrPhotosViewController.swift; sourceTree = "<group>"; };
		32190C0520F3463A000258CA /* FlickrAPI.swift */ = {isa = PBXFileReference; lastKnownFileType = sourcecode.swift; path = FlickrAPI.swift; sourceTree = "<group>"; };
		32190C0920F34B08000258CA /* FlickrPhotoCell.swift */ = {isa = PBXFileReference; lastKnownFileType = sourcecode.swift; path = FlickrPhotoCell.swift; sourceTree = "<group>"; };
		3249C81324568CC200F8737D /* FlickrPhotoResponseViewModel.swift */ = {isa = PBXFileReference; lastKnownFileType = sourcecode.swift; path = FlickrPhotoResponseViewModel.swift; sourceTree = "<group>"; };
		3249C8192459D63100F8737D /* UIImageExtensions.swift */ = {isa = PBXFileReference; lastKnownFileType = sourcecode.swift; path = UIImageExtensions.swift; sourceTree = "<group>"; };
		3249C81B245FD1EC00F8737D /* ImageCache.swift */ = {isa = PBXFileReference; lastKnownFileType = sourcecode.swift; path = ImageCache.swift; sourceTree = "<group>"; };
/* End PBXFileReference section */

/* Begin PBXFrameworksBuildPhase section */
		32190BEB20F3442B000258CA /* Frameworks */ = {
			isa = PBXFrameworksBuildPhase;
			buildActionMask = 2147483647;
			files = (
			);
			runOnlyForDeploymentPostprocessing = 0;
		};
/* End PBXFrameworksBuildPhase section */

/* Begin PBXGroup section */
		3210EA5E20F4884F003DA7A8 /* Models */ = {
			isa = PBXGroup;
			children = (
				3210EA5F20F4885C003DA7A8 /* FlickrPhotoResponseModel.swift */,
				3210EA5C20F44EC4003DA7A8 /* FlickrGetRecentResponseModel.swift */,
				3210EA6B20F88115003DA7A8 /* FlickrPhotosSearchResponseModel.swift */,
			);
			path = Models;
			sourceTree = "<group>";
		};
		3210EA6320F5A7C2003DA7A8 /* API */ = {
			isa = PBXGroup;
			children = (
				32190C0520F3463A000258CA /* FlickrAPI.swift */,
				3210EA5A20F44E10003DA7A8 /* FlickrAPIConfiguration.swift */,
			);
			path = API;
			sourceTree = "<group>";
		};
		3210EA6420F5A84F003DA7A8 /* UI */ = {
			isa = PBXGroup;
			children = (
				32190C0920F34B08000258CA /* FlickrPhotoCell.swift */,
				3210EA6520F5C763003DA7A8 /* FlickrPhotoHeaderView.swift */,
				3210EA6720F73BDE003DA7A8 /* FlickrSharedResources.swift */,
			);
			path = UI;
			sourceTree = "<group>";
		};
		32190BE520F3442B000258CA = {
			isa = PBXGroup;
			children = (
				32190BF020F3442B000258CA /* FlickrSearch */,
				32190BEF20F3442B000258CA /* Products */,
			);
			sourceTree = "<group>";
		};
		32190BEF20F3442B000258CA /* Products */ = {
			isa = PBXGroup;
			children = (
				32190BEE20F3442B000258CA /* FlickrSearch.app */,
			);
			name = Products;
			sourceTree = "<group>";
		};
		32190BF020F3442B000258CA /* FlickrSearch */ = {
			isa = PBXGroup;
			children = (
				3249C8182459D62300F8737D /* Utils */,
				3249C8172459D39900F8737D /* ViewControllers */,
				3249C8122456861C00F8737D /* ViewModels */,
				3210EA6420F5A84F003DA7A8 /* UI */,
				3210EA6320F5A7C2003DA7A8 /* API */,
				3210EA5E20F4884F003DA7A8 /* Models */,
				32190BF120F3442B000258CA /* AppDelegate.swift */,
				32190BF820F3442C000258CA /* Assets.xcassets */,
				32190BFA20F3442C000258CA /* LaunchScreen.storyboard */,
				32190BFD20F3442C000258CA /* Info.plist */,
			);
			path = FlickrSearch;
			sourceTree = "<group>";
		};
		3249C8122456861C00F8737D /* ViewModels */ = {
			isa = PBXGroup;
			children = (
				3210EA6920F74077003DA7A8 /* FlickrResponseViewModel.swift */,
				3249C81324568CC200F8737D /* FlickrPhotoResponseViewModel.swift */,
			);
			path = ViewModels;
			sourceTree = "<group>";
		};
		3249C8172459D39900F8737D /* ViewControllers */ = {
			isa = PBXGroup;
			children = (
				32190C0320F3456A000258CA /* FlickrPhotosViewController.swift */,
			);
			path = ViewControllers;
			sourceTree = "<group>";
		};
		3249C8182459D62300F8737D /* Utils */ = {
			isa = PBXGroup;
			children = (
				3249C8192459D63100F8737D /* UIImageExtensions.swift */,
				3249C81B245FD1EC00F8737D /* ImageCache.swift */,
			);
			path = Utils;
			sourceTree = "<group>";
		};
/* End PBXGroup section */

/* Begin PBXNativeTarget section */
		32190BED20F3442B000258CA /* FlickrSearch */ = {
			isa = PBXNativeTarget;
			buildConfigurationList = 32190C0020F3442C000258CA /* Build configuration list for PBXNativeTarget "FlickrSearch" */;
			buildPhases = (
				32190BEA20F3442B000258CA /* Sources */,
				32190BEB20F3442B000258CA /* Frameworks */,
				32190BEC20F3442B000258CA /* Resources */,
			);
			buildRules = (
			);
			dependencies = (
			);
			name = FlickrSearch;
			productName = FlickrSearch;
			productReference = 32190BEE20F3442B000258CA /* FlickrSearch.app */;
			productType = "com.apple.product-type.application";
		};
/* End PBXNativeTarget section */

/* Begin PBXProject section */
		32190BE620F3442B000258CA /* Project object */ = {
			isa = PBXProject;
			attributes = {
				LastSwiftUpdateCheck = 0940;
				LastUpgradeCheck = 0940;
				ORGANIZATIONNAME = "Laurentiu Dascalu";
				TargetAttributes = {
					32190BED20F3442B000258CA = {
						CreatedOnToolsVersion = 9.4.1;
						LastSwiftMigration = 1130;
					};
				};
			};
			buildConfigurationList = 32190BE920F3442B000258CA /* Build configuration list for PBXProject "FlickrSearch" */;
			compatibilityVersion = "Xcode 9.3";
			developmentRegion = en;
			hasScannedForEncodings = 0;
			knownRegions = (
				en,
				Base,
			);
			mainGroup = 32190BE520F3442B000258CA;
			productRefGroup = 32190BEF20F3442B000258CA /* Products */;
			projectDirPath = "";
			projectRoot = "";
			targets = (
				32190BED20F3442B000258CA /* FlickrSearch */,
			);
		};
/* End PBXProject section */

/* Begin PBXResourcesBuildPhase section */
		32190BEC20F3442B000258CA /* Resources */ = {
			isa = PBXResourcesBuildPhase;
			buildActionMask = 2147483647;
			files = (
				32190BFC20F3442C000258CA /* LaunchScreen.storyboard in Resources */,
				32190BF920F3442C000258CA /* Assets.xcassets in Resources */,
			);
			runOnlyForDeploymentPostprocessing = 0;
		};
/* End PBXResourcesBuildPhase section */

/* Begin PBXSourcesBuildPhase section */
		32190BEA20F3442B000258CA /* Sources */ = {
			isa = PBXSourcesBuildPhase;
			buildActionMask = 2147483647;
			files = (
				32190C0420F3456A000258CA /* FlickrPhotosViewController.swift in Sources */,
				32190C0620F3463A000258CA /* FlickrAPI.swift in Sources */,
				3210EA6620F5C763003DA7A8 /* FlickrPhotoHeaderView.swift in Sources */,
				3210EA6C20F88115003DA7A8 /* FlickrPhotosSearchResponseModel.swift in Sources */,
				3210EA6A20F74077003DA7A8 /* FlickrResponseViewModel.swift in Sources */,
				3249C81A2459D63100F8737D /* UIImageExtensions.swift in Sources */,
				32190C0A20F34B08000258CA /* FlickrPhotoCell.swift in Sources */,
				3210EA6820F73BDE003DA7A8 /* FlickrSharedResources.swift in Sources */,
				32190BF220F3442B000258CA /* AppDelegate.swift in Sources */,
				3210EA5B20F44E10003DA7A8 /* FlickrAPIConfiguration.swift in Sources */,
				3249C81424568CC200F8737D /* FlickrPhotoResponseViewModel.swift in Sources */,
				3210EA6020F4885C003DA7A8 /* FlickrPhotoResponseModel.swift in Sources */,
				3249C81C245FD1EC00F8737D /* ImageCache.swift in Sources */,
				3210EA5D20F44EC4003DA7A8 /* FlickrGetRecentResponseModel.swift in Sources */,
			);
			runOnlyForDeploymentPostprocessing = 0;
		};
/* End PBXSourcesBuildPhase section */

/* Begin PBXVariantGroup section */
		32190BFA20F3442C000258CA /* LaunchScreen.storyboard */ = {
			isa = PBXVariantGroup;
			children = (
				32190BFB20F3442C000258CA /* Base */,
			);
			name = LaunchScreen.storyboard;
			sourceTree = "<group>";
		};
/* End PBXVariantGroup section */

/* Begin XCBuildConfiguration section */
		32190BFE20F3442C000258CA /* Debug */ = {
			isa = XCBuildConfiguration;
			buildSettings = {
				ALWAYS_SEARCH_USER_PATHS = NO;
				CLANG_ANALYZER_NONNULL = YES;
				CLANG_ANALYZER_NUMBER_OBJECT_CONVERSION = YES_AGGRESSIVE;
				CLANG_CXX_LANGUAGE_STANDARD = "gnu++14";
				CLANG_CXX_LIBRARY = "libc++";
				CLANG_ENABLE_MODULES = YES;
				CLANG_ENABLE_OBJC_ARC = YES;
				CLANG_ENABLE_OBJC_WEAK = YES;
				CLANG_WARN_BLOCK_CAPTURE_AUTORELEASING = YES;
				CLANG_WARN_BOOL_CONVERSION = YES;
				CLANG_WARN_COMMA = YES;
				CLANG_WARN_CONSTANT_CONVERSION = YES;
				CLANG_WARN_DEPRECATED_OBJC_IMPLEMENTATIONS = YES;
				CLANG_WARN_DIRECT_OBJC_ISA_USAGE = YES_ERROR;
				CLANG_WARN_DOCUMENTATION_COMMENTS = YES;
				CLANG_WARN_EMPTY_BODY = YES;
				CLANG_WARN_ENUM_CONVERSION = YES;
				CLANG_WARN_INFINITE_RECURSION = YES;
				CLANG_WARN_INT_CONVERSION = YES;
				CLANG_WARN_NON_LITERAL_NULL_CONVERSION = YES;
				CLANG_WARN_OBJC_IMPLICIT_RETAIN_SELF = YES;
				CLANG_WARN_OBJC_LITERAL_CONVERSION = YES;
				CLANG_WARN_OBJC_ROOT_CLASS = YES_ERROR;
				CLANG_WARN_RANGE_LOOP_ANALYSIS = YES;
				CLANG_WARN_STRICT_PROTOTYPES = YES;
				CLANG_WARN_SUSPICIOUS_MOVE = YES;
				CLANG_WARN_UNGUARDED_AVAILABILITY = YES_AGGRESSIVE;
				CLANG_WARN_UNREACHABLE_CODE = YES;
				CLANG_WARN__DUPLICATE_METHOD_MATCH = YES;
				CODE_SIGN_IDENTITY = "iPhone Developer";
				COPY_PHASE_STRIP = NO;
				DEBUG_INFORMATION_FORMAT = dwarf;
				ENABLE_STRICT_OBJC_MSGSEND = YES;
				ENABLE_TESTABILITY = YES;
				GCC_C_LANGUAGE_STANDARD = gnu11;
				GCC_DYNAMIC_NO_PIC = NO;
				GCC_NO_COMMON_BLOCKS = YES;
				GCC_OPTIMIZATION_LEVEL = 0;
				GCC_PREPROCESSOR_DEFINITIONS = (
					"DEBUG=1",
					"$(inherited)",
				);
				GCC_WARN_64_TO_32_BIT_CONVERSION = YES;
				GCC_WARN_ABOUT_RETURN_TYPE = YES_ERROR;
				GCC_WARN_UNDECLARED_SELECTOR = YES;
				GCC_WARN_UNINITIALIZED_AUTOS = YES_AGGRESSIVE;
				GCC_WARN_UNUSED_FUNCTION = YES;
				GCC_WARN_UNUSED_VARIABLE = YES;
				IPHONEOS_DEPLOYMENT_TARGET = 11.4;
				MTL_ENABLE_DEBUG_INFO = YES;
				ONLY_ACTIVE_ARCH = YES;
				SDKROOT = iphoneos;
				SWIFT_ACTIVE_COMPILATION_CONDITIONS = DEBUG;
				SWIFT_OPTIMIZATION_LEVEL = "-Onone";
			};
			name = Debug;
		};
		32190BFF20F3442C000258CA /* Release */ = {
			isa = XCBuildConfiguration;
			buildSettings = {
				ALWAYS_SEARCH_USER_PATHS = NO;
				CLANG_ANALYZER_NONNULL = YES;
				CLANG_ANALYZER_NUMBER_OBJECT_CONVERSION = YES_AGGRESSIVE;
				CLANG_CXX_LANGUAGE_STANDARD = "gnu++14";
				CLANG_CXX_LIBRARY = "libc++";
				CLANG_ENABLE_MODULES = YES;
				CLANG_ENABLE_OBJC_ARC = YES;
				CLANG_ENABLE_OBJC_WEAK = YES;
				CLANG_WARN_BLOCK_CAPTURE_AUTORELEASING = YES;
				CLANG_WARN_BOOL_CONVERSION = YES;
				CLANG_WARN_COMMA = YES;
				CLANG_WARN_CONSTANT_CONVERSION = YES;
				CLANG_WARN_DEPRECATED_OBJC_IMPLEMENTATIONS = YES;
				CLANG_WARN_DIRECT_OBJC_ISA_USAGE = YES_ERROR;
				CLANG_WARN_DOCUMENTATION_COMMENTS = YES;
				CLANG_WARN_EMPTY_BODY = YES;
				CLANG_WARN_ENUM_CONVERSION = YES;
				CLANG_WARN_INFINITE_RECURSION = YES;
				CLANG_WARN_INT_CONVERSION = YES;
				CLANG_WARN_NON_LITERAL_NULL_CONVERSION = YES;
				CLANG_WARN_OBJC_IMPLICIT_RETAIN_SELF = YES;
				CLANG_WARN_OBJC_LITERAL_CONVERSION = YES;
				CLANG_WARN_OBJC_ROOT_CLASS = YES_ERROR;
				CLANG_WARN_RANGE_LOOP_ANALYSIS = YES;
				CLANG_WARN_STRICT_PROTOTYPES = YES;
				CLANG_WARN_SUSPICIOUS_MOVE = YES;
				CLANG_WARN_UNGUARDED_AVAILABILITY = YES_AGGRESSIVE;
				CLANG_WARN_UNREACHABLE_CODE = YES;
				CLANG_WARN__DUPLICATE_METHOD_MATCH = YES;
				CODE_SIGN_IDENTITY = "iPhone Developer";
				COPY_PHASE_STRIP = NO;
				DEBUG_INFORMATION_FORMAT = "dwarf-with-dsym";
				ENABLE_NS_ASSERTIONS = NO;
				ENABLE_STRICT_OBJC_MSGSEND = YES;
				GCC_C_LANGUAGE_STANDARD = gnu11;
				GCC_NO_COMMON_BLOCKS = YES;
				GCC_WARN_64_TO_32_BIT_CONVERSION = YES;
				GCC_WARN_ABOUT_RETURN_TYPE = YES_ERROR;
				GCC_WARN_UNDECLARED_SELECTOR = YES;
				GCC_WARN_UNINITIALIZED_AUTOS = YES_AGGRESSIVE;
				GCC_WARN_UNUSED_FUNCTION = YES;
				GCC_WARN_UNUSED_VARIABLE = YES;
				IPHONEOS_DEPLOYMENT_TARGET = 11.4;
				MTL_ENABLE_DEBUG_INFO = NO;
				SDKROOT = iphoneos;
				SWIFT_COMPILATION_MODE = wholemodule;
				SWIFT_OPTIMIZATION_LEVEL = "-O";
				VALIDATE_PRODUCT = YES;
			};
			name = Release;
		};
		32190C0120F3442C000258CA /* Debug */ = {
			isa = XCBuildConfiguration;
			buildSettings = {
				ASSETCATALOG_COMPILER_APPICON_NAME = AppIcon;
				CODE_SIGN_STYLE = Automatic;
				DEVELOPMENT_TEAM = 58H5JHRN99;
				INFOPLIST_FILE = FlickrSearch/Info.plist;
				LD_RUNPATH_SEARCH_PATHS = (
					"$(inherited)",
					"@executable_path/Frameworks",
				);
				PRODUCT_BUNDLE_IDENTIFIER = sana.FlickrSearch;
				PRODUCT_NAME = "$(TARGET_NAME)";
				SWIFT_VERSION = 5.0;
				TARGETED_DEVICE_FAMILY = "1,2";
			};
			name = Debug;
		};
		32190C0220F3442C000258CA /* Release */ = {
			isa = XCBuildConfiguration;
			buildSettings = {
				ASSETCATALOG_COMPILER_APPICON_NAME = AppIcon;
				CODE_SIGN_STYLE = Automatic;
				DEVELOPMENT_TEAM = 58H5JHRN99;
				INFOPLIST_FILE = FlickrSearch/Info.plist;
				LD_RUNPATH_SEARCH_PATHS = (
					"$(inherited)",
					"@executable_path/Frameworks",
				);
				PRODUCT_BUNDLE_IDENTIFIER = sana.FlickrSearch;
				PRODUCT_NAME = "$(TARGET_NAME)";
				SWIFT_VERSION = 5.0;
				TARGETED_DEVICE_FAMILY = "1,2";
			};
			name = Release;
		};
/* End XCBuildConfiguration section */

/* Begin XCConfigurationList section */
		32190BE920F3442B000258CA /* Build configuration list for PBXProject "FlickrSearch" */ = {
			isa = XCConfigurationList;
			buildConfigurations = (
				32190BFE20F3442C000258CA /* Debug */,
				32190BFF20F3442C000258CA /* Release */,
			);
			defaultConfigurationIsVisible = 0;
			defaultConfigurationName = Release;
		};
		32190C0020F3442C000258CA /* Build configuration list for PBXNativeTarget "FlickrSearch" */ = {
			isa = XCConfigurationList;
			buildConfigurations = (
				32190C0120F3442C000258CA /* Debug */,
				32190C0220F3442C000258CA /* Release */,
			);
			defaultConfigurationIsVisible = 0;
			defaultConfigurationName = Release;
		};
/* End XCConfigurationList section */
	};
	rootObject = 32190BE620F3442B000258CA /* Project object */;
}
