// !$*UTF8*$!
{
	archiveVersion = 1;
	classes = {
	};
	objectVersion = 46;
	objects = {

/* Begin PBXBuildFile section */
		3226FB412068BEB10007CEF3 /* AbstractFactoryTests.swift in Sources */ = {isa = PBXBuildFile; fileRef = 3226FB402068BEB10007CEF3 /* AbstractFactoryTests.swift */; };
		3226FB422068BEE50007CEF3 /* AbstractFactory.swift in Sources */ = {isa = PBXBuildFile; fileRef = 326F75851C282885001CF09D /* AbstractFactory.swift */; };
		3226FB432068BF160007CEF3 /* Number.swift in Sources */ = {isa = PBXBuildFile; fileRef = 326F75911C28B680001CF09D /* Number.swift */; };
		3226FB452068C0460007CEF3 /* BuilderTests.swift in Sources */ = {isa = PBXBuildFile; fileRef = 3226FB442068C0460007CEF3 /* BuilderTests.swift */; };
		3226FB462068C0DB0007CEF3 /* Builder.swift in Sources */ = {isa = PBXBuildFile; fileRef = 326F758D1C28333F001CF09D /* Builder.swift */; };
		3226FB48206CC30F0007CEF3 /* FactoryTests.swift in Sources */ = {isa = PBXBuildFile; fileRef = 3226FB47206CC30F0007CEF3 /* FactoryTests.swift */; };
		3226FB49206CC3560007CEF3 /* Factory.swift in Sources */ = {isa = PBXBuildFile; fileRef = 326F75931C28BF4F001CF09D /* Factory.swift */; };
		3226FB4B206CC6A10007CEF3 /* PrototypeTests.swift in Sources */ = {isa = PBXBuildFile; fileRef = 3226FB4A206CC6A10007CEF3 /* PrototypeTests.swift */; };
		3226FB4C206CC6C70007CEF3 /* Prototype.swift in Sources */ = {isa = PBXBuildFile; fileRef = 326F75991C28C912001CF09D /* Prototype.swift */; };
		3226FB4E206D63D10007CEF3 /* SingletonTests.swift in Sources */ = {isa = PBXBuildFile; fileRef = 3226FB4D206D63D10007CEF3 /* SingletonTests.swift */; };
		3226FB4F206D64DF0007CEF3 /* Singleton.swift in Sources */ = {isa = PBXBuildFile; fileRef = 326F759D1C28D1B8001CF09D /* Singleton.swift */; };
		3226FB52206D6D800007CEF3 /* StringHelpers.swift in Sources */ = {isa = PBXBuildFile; fileRef = 3226FB51206D6D800007CEF3 /* StringHelpers.swift */; };
		3226FB54206DA0F50007CEF3 /* AdapterTests.swift in Sources */ = {isa = PBXBuildFile; fileRef = 3226FB53206DA0F50007CEF3 /* AdapterTests.swift */; };
		3226FB55206DA1380007CEF3 /* Adapter.swift in Sources */ = {isa = PBXBuildFile; fileRef = 326F75A11C29275B001CF09D /* Adapter.swift */; };
		3226FB57206DA5400007CEF3 /* BridgeTests.swift in Sources */ = {isa = PBXBuildFile; fileRef = 3226FB56206DA5400007CEF3 /* BridgeTests.swift */; };
		3226FB58206DA5730007CEF3 /* Bridge.swift in Sources */ = {isa = PBXBuildFile; fileRef = 326F75A51C292AE2001CF09D /* Bridge.swift */; };
		3226FB5C206DA6490007CEF3 /* CompositeTests.swift in Sources */ = {isa = PBXBuildFile; fileRef = 3226FB5B206DA6490007CEF3 /* CompositeTests.swift */; };
		3226FB5D206DA6900007CEF3 /* Composite.swift in Sources */ = {isa = PBXBuildFile; fileRef = 326F75A91C296B0F001CF09D /* Composite.swift */; };
		3226FB5F2075923D0007CEF3 /* DecoratorTests.swift in Sources */ = {isa = PBXBuildFile; fileRef = 3226FB5E2075923D0007CEF3 /* DecoratorTests.swift */; };
		3226FB60207592960007CEF3 /* Decorator.swift in Sources */ = {isa = PBXBuildFile; fileRef = 326F75AD1C29783C001CF09D /* Decorator.swift */; };
		3226FB64207594DB0007CEF3 /* UserDefaultsCacheImplementation.swift in Sources */ = {isa = PBXBuildFile; fileRef = 3226FB63207594DB0007CEF3 /* UserDefaultsCacheImplementation.swift */; };
		3226FB65207594DB0007CEF3 /* UserDefaultsCacheImplementation.swift in Sources */ = {isa = PBXBuildFile; fileRef = 3226FB63207594DB0007CEF3 /* UserDefaultsCacheImplementation.swift */; };
		3226FB66207594EF0007CEF3 /* Facade.swift in Sources */ = {isa = PBXBuildFile; fileRef = 326F75B11C2A4D17001CF09D /* Facade.swift */; };
		3226FB68207595330007CEF3 /* FacadeTests.swift in Sources */ = {isa = PBXBuildFile; fileRef = 3226FB67207595330007CEF3 /* FacadeTests.swift */; };
		3226FB69207595330007CEF3 /* FacadeTests.swift in Sources */ = {isa = PBXBuildFile; fileRef = 3226FB67207595330007CEF3 /* FacadeTests.swift */; };
		3226FB6B20759EED0007CEF3 /* DictionaryCacheImplementation.swift in Sources */ = {isa = PBXBuildFile; fileRef = 3226FB6A20759EED0007CEF3 /* DictionaryCacheImplementation.swift */; };
		3226FB6C20759EED0007CEF3 /* DictionaryCacheImplementation.swift in Sources */ = {isa = PBXBuildFile; fileRef = 3226FB6A20759EED0007CEF3 /* DictionaryCacheImplementation.swift */; };
		3226FB6E20759FE50007CEF3 /* EqualityHelpers.swift in Sources */ = {isa = PBXBuildFile; fileRef = 3226FB6D20759FE50007CEF3 /* EqualityHelpers.swift */; };
		3226FB6F20759FE50007CEF3 /* EqualityHelpers.swift in Sources */ = {isa = PBXBuildFile; fileRef = 3226FB6D20759FE50007CEF3 /* EqualityHelpers.swift */; };
		3226FB7120871BFE0007CEF3 /* TODO in Resources */ = {isa = PBXBuildFile; fileRef = 3226FB7020871BFE0007CEF3 /* TODO */; };
		3226FB7320871D4F0007CEF3 /* FlyweightTests.swift in Sources */ = {isa = PBXBuildFile; fileRef = 3226FB7220871D4F0007CEF3 /* FlyweightTests.swift */; };
		3226FB7420871D4F0007CEF3 /* FlyweightTests.swift in Sources */ = {isa = PBXBuildFile; fileRef = 3226FB7220871D4F0007CEF3 /* FlyweightTests.swift */; };
		3226FB7520871DED0007CEF3 /* Flyweight.swift in Sources */ = {isa = PBXBuildFile; fileRef = 326F75B51C2A4FA4001CF09D /* Flyweight.swift */; };
		324354BD20EB531B0027EBE4 /* ChainOfResponsibilityTests.swift in Sources */ = {isa = PBXBuildFile; fileRef = 324354BC20EB531B0027EBE4 /* ChainOfResponsibilityTests.swift */; };
		324354BE20EB531F0027EBE4 /* ChainOfResponsibility.swift in Sources */ = {isa = PBXBuildFile; fileRef = 326F75C11C2AAA9B001CF09D /* ChainOfResponsibility.swift */; };
		324354C020EB55450027EBE4 /* MediatorTests.swift in Sources */ = {isa = PBXBuildFile; fileRef = 324354BF20EB55450027EBE4 /* MediatorTests.swift */; };
		324354C120EB55CC0027EBE4 /* Mediator.swift in Sources */ = {isa = PBXBuildFile; fileRef = 326F75C91C2C7412001CF09D /* Mediator.swift */; };
		324354C320EB5C990027EBE4 /* TemplateMethodTests.swift in Sources */ = {isa = PBXBuildFile; fileRef = 324354C220EB5C990027EBE4 /* TemplateMethodTests.swift */; };
		324354C420EB5CCB0027EBE4 /* TemplateMethod.swift in Sources */ = {isa = PBXBuildFile; fileRef = 326F75DD1C2D60D9001CF09D /* TemplateMethod.swift */; };
		324354C620EB5E2B0027EBE4 /* VisitorTests.swift in Sources */ = {isa = PBXBuildFile; fileRef = 324354C520EB5E2B0027EBE4 /* VisitorTests.swift */; };
		324354C720EB5E330027EBE4 /* Visitor.swift in Sources */ = {isa = PBXBuildFile; fileRef = 326F75E11C2D627C001CF09D /* Visitor.swift */; };
		324354C820EB5FB30027EBE4 /* FutureTests.swift in Sources */ = {isa = PBXBuildFile; fileRef = 326F75EB1C3BC027001CF09D /* FutureTests.swift */; };
		324354C920EB5FC40027EBE4 /* BalkingObjectTests.swift in Sources */ = {isa = PBXBuildFile; fileRef = 326F75EF1C3C1CB7001CF09D /* BalkingObjectTests.swift */; };
		324354CA20EB5FC70027EBE4 /* ActiveObjectTests.swift in Sources */ = {isa = PBXBuildFile; fileRef = 326F75F31C3C225C001CF09D /* ActiveObjectTests.swift */; };
		324354CB20EB5FCA0027EBE4 /* IteratorTests.swift in Sources */ = {isa = PBXBuildFile; fileRef = 32E8E0B01C52F0B200E7B813 /* IteratorTests.swift */; };
		324354CC20EB5FCE0027EBE4 /* BinarySearchTreeTests.swift in Sources */ = {isa = PBXBuildFile; fileRef = 32E8E0BA1C53023400E7B813 /* BinarySearchTreeTests.swift */; };
		324354CD20EB5FD10027EBE4 /* TreeTests.swift in Sources */ = {isa = PBXBuildFile; fileRef = 32E8E0B61C52F70100E7B813 /* TreeTests.swift */; };
		324354CE20EB60590027EBE4 /* BalkingObject.swift in Sources */ = {isa = PBXBuildFile; fileRef = 326F75ED1C3C198B001CF09D /* BalkingObject.swift */; };
		324354CF20EC9FAF0027EBE4 /* Future.swift in Sources */ = {isa = PBXBuildFile; fileRef = 326F75E91C3BBF43001CF09D /* Future.swift */; };
		324354D020ED367A0027EBE4 /* ActiveObject.swift in Sources */ = {isa = PBXBuildFile; fileRef = 326F75F11C3C1F24001CF09D /* ActiveObject.swift */; };
		324354D120ED3D9E0027EBE4 /* Iterator.swift in Sources */ = {isa = PBXBuildFile; fileRef = 326F75E51C2D6303001CF09D /* Iterator.swift */; };
		324354D220ED3FD60027EBE4 /* Tree.swift in Sources */ = {isa = PBXBuildFile; fileRef = 32E8E0B21C52F62A00E7B813 /* Tree.swift */; };
		324354D320ED431B0027EBE4 /* BinarySearchTree.swift in Sources */ = {isa = PBXBuildFile; fileRef = 32E8E0B41C52F64400E7B813 /* BinarySearchTree.swift */; };
		326F757F1C2827A0001CF09D /* main.swift in Sources */ = {isa = PBXBuildFile; fileRef = 326F757E1C2827A0001CF09D /* main.swift */; };
		326F75861C282885001CF09D /* AbstractFactory.swift in Sources */ = {isa = PBXBuildFile; fileRef = 326F75851C282885001CF09D /* AbstractFactory.swift */; };
		326F758E1C28333F001CF09D /* Builder.swift in Sources */ = {isa = PBXBuildFile; fileRef = 326F758D1C28333F001CF09D /* Builder.swift */; };
		326F75921C28B680001CF09D /* Number.swift in Sources */ = {isa = PBXBuildFile; fileRef = 326F75911C28B680001CF09D /* Number.swift */; };
		326F75941C28BF4F001CF09D /* Factory.swift in Sources */ = {isa = PBXBuildFile; fileRef = 326F75931C28BF4F001CF09D /* Factory.swift */; };
		326F759A1C28C912001CF09D /* Prototype.swift in Sources */ = {isa = PBXBuildFile; fileRef = 326F75991C28C912001CF09D /* Prototype.swift */; };
		326F759E1C28D1B8001CF09D /* Singleton.swift in Sources */ = {isa = PBXBuildFile; fileRef = 326F759D1C28D1B8001CF09D /* Singleton.swift */; };
		326F75A21C29275B001CF09D /* Adapter.swift in Sources */ = {isa = PBXBuildFile; fileRef = 326F75A11C29275B001CF09D /* Adapter.swift */; };
		326F75A61C292AE2001CF09D /* Bridge.swift in Sources */ = {isa = PBXBuildFile; fileRef = 326F75A51C292AE2001CF09D /* Bridge.swift */; };
		326F75AA1C296B0F001CF09D /* Composite.swift in Sources */ = {isa = PBXBuildFile; fileRef = 326F75A91C296B0F001CF09D /* Composite.swift */; };
		326F75AE1C29783C001CF09D /* Decorator.swift in Sources */ = {isa = PBXBuildFile; fileRef = 326F75AD1C29783C001CF09D /* Decorator.swift */; };
		326F75B21C2A4D17001CF09D /* Facade.swift in Sources */ = {isa = PBXBuildFile; fileRef = 326F75B11C2A4D17001CF09D /* Facade.swift */; };
		326F75B61C2A4FA4001CF09D /* Flyweight.swift in Sources */ = {isa = PBXBuildFile; fileRef = 326F75B51C2A4FA4001CF09D /* Flyweight.swift */; };
		326F75BC1C2A6911001CF09D /* Proxy.swift in Sources */ = {isa = PBXBuildFile; fileRef = 326F75BB1C2A6911001CF09D /* Proxy.swift */; };
		326F75BE1C2A96D0001CF09D /* ObjectPool.swift in Sources */ = {isa = PBXBuildFile; fileRef = 326F75BD1C2A96D0001CF09D /* ObjectPool.swift */; };
		326F75C21C2AAA9B001CF09D /* ChainOfResponsibility.swift in Sources */ = {isa = PBXBuildFile; fileRef = 326F75C11C2AAA9B001CF09D /* ChainOfResponsibility.swift */; };
		326F75C81C2AB2AA001CF09D /* Command.swift in Sources */ = {isa = PBXBuildFile; fileRef = 326F75C71C2AB2AA001CF09D /* Command.swift */; };
		326F75CA1C2C7412001CF09D /* Mediator.swift in Sources */ = {isa = PBXBuildFile; fileRef = 326F75C91C2C7412001CF09D /* Mediator.swift */; };
		326F75D21C2C7EDF001CF09D /* Observer.swift in Sources */ = {isa = PBXBuildFile; fileRef = 326F75D11C2C7EDF001CF09D /* Observer.swift */; };
		326F75D61C2D5A91001CF09D /* State.swift in Sources */ = {isa = PBXBuildFile; fileRef = 326F75D51C2D5A91001CF09D /* State.swift */; };
		326F75DA1C2D5EFA001CF09D /* Strategy.swift in Sources */ = {isa = PBXBuildFile; fileRef = 326F75D91C2D5EFA001CF09D /* Strategy.swift */; };
		326F75DE1C2D60D9001CF09D /* TemplateMethod.swift in Sources */ = {isa = PBXBuildFile; fileRef = 326F75DD1C2D60D9001CF09D /* TemplateMethod.swift */; };
		326F75E21C2D627C001CF09D /* Visitor.swift in Sources */ = {isa = PBXBuildFile; fileRef = 326F75E11C2D627C001CF09D /* Visitor.swift */; };
		326F75E61C2D6303001CF09D /* Iterator.swift in Sources */ = {isa = PBXBuildFile; fileRef = 326F75E51C2D6303001CF09D /* Iterator.swift */; };
		326F75EA1C3BBF43001CF09D /* Future.swift in Sources */ = {isa = PBXBuildFile; fileRef = 326F75E91C3BBF43001CF09D /* Future.swift */; };
		326F75EE1C3C198B001CF09D /* BalkingObject.swift in Sources */ = {isa = PBXBuildFile; fileRef = 326F75ED1C3C198B001CF09D /* BalkingObject.swift */; };
		326F75F21C3C1F24001CF09D /* ActiveObject.swift in Sources */ = {isa = PBXBuildFile; fileRef = 326F75F11C3C1F24001CF09D /* ActiveObject.swift */; };
		32A4CECC20E023ED007996E6 /* ProxyTests.swift in Sources */ = {isa = PBXBuildFile; fileRef = 32A4CECB20E023ED007996E6 /* ProxyTests.swift */; };
		32A4CECD20E0254E007996E6 /* Proxy.swift in Sources */ = {isa = PBXBuildFile; fileRef = 326F75BB1C2A6911001CF09D /* Proxy.swift */; };
		32A4CECF20E029FA007996E6 /* ObjectPoolTests.swift in Sources */ = {isa = PBXBuildFile; fileRef = 32A4CECE20E029FA007996E6 /* ObjectPoolTests.swift */; };
		32A4CED020E02A19007996E6 /* ObjectPool.swift in Sources */ = {isa = PBXBuildFile; fileRef = 326F75BD1C2A96D0001CF09D /* ObjectPool.swift */; };
		32E8E0B31C52F62A00E7B813 /* Tree.swift in Sources */ = {isa = PBXBuildFile; fileRef = 32E8E0B21C52F62A00E7B813 /* Tree.swift */; };
		32E8E0B51C52F64400E7B813 /* BinarySearchTree.swift in Sources */ = {isa = PBXBuildFile; fileRef = 32E8E0B41C52F64400E7B813 /* BinarySearchTree.swift */; };
		32E8E0B91C52FF7000E7B813 /* Graph.swift in Sources */ = {isa = PBXBuildFile; fileRef = 32E8E0B81C52FF7000E7B813 /* Graph.swift */; };
		32F6AE5C2067460100E92B25 /* StrategyTests.swift in Sources */ = {isa = PBXBuildFile; fileRef = 32F6AE5B2067460100E92B25 /* StrategyTests.swift */; };
		32F6AE612067469E00E92B25 /* Strategy.swift in Sources */ = {isa = PBXBuildFile; fileRef = 326F75D91C2D5EFA001CF09D /* Strategy.swift */; };
/* End PBXBuildFile section */

/* Begin PBXCopyFilesBuildPhase section */
		326F75791C2827A0001CF09D /* CopyFiles */ = {
			isa = PBXCopyFilesBuildPhase;
			buildActionMask = 2147483647;
			dstPath = /usr/share/man/man1/;
			dstSubfolderSpec = 0;
			files = (
			);
			runOnlyForDeploymentPostprocessing = 1;
		};
/* End PBXCopyFilesBuildPhase section */

/* Begin PBXFileReference section */
		3226FB402068BEB10007CEF3 /* AbstractFactoryTests.swift */ = {isa = PBXFileReference; lastKnownFileType = sourcecode.swift; path = AbstractFactoryTests.swift; sourceTree = "<group>"; };
		3226FB442068C0460007CEF3 /* BuilderTests.swift */ = {isa = PBXFileReference; lastKnownFileType = sourcecode.swift; path = BuilderTests.swift; sourceTree = "<group>"; };
		3226FB47206CC30F0007CEF3 /* FactoryTests.swift */ = {isa = PBXFileReference; lastKnownFileType = sourcecode.swift; path = FactoryTests.swift; sourceTree = "<group>"; };
		3226FB4A206CC6A10007CEF3 /* PrototypeTests.swift */ = {isa = PBXFileReference; lastKnownFileType = sourcecode.swift; path = PrototypeTests.swift; sourceTree = "<group>"; };
		3226FB4D206D63D10007CEF3 /* SingletonTests.swift */ = {isa = PBXFileReference; lastKnownFileType = sourcecode.swift; path = SingletonTests.swift; sourceTree = "<group>"; };
		3226FB51206D6D800007CEF3 /* StringHelpers.swift */ = {isa = PBXFileReference; lastKnownFileType = sourcecode.swift; path = StringHelpers.swift; sourceTree = "<group>"; };
		3226FB53206DA0F50007CEF3 /* AdapterTests.swift */ = {isa = PBXFileReference; lastKnownFileType = sourcecode.swift; path = AdapterTests.swift; sourceTree = "<group>"; };
		3226FB56206DA5400007CEF3 /* BridgeTests.swift */ = {isa = PBXFileReference; lastKnownFileType = sourcecode.swift; path = BridgeTests.swift; sourceTree = "<group>"; };
		3226FB5B206DA6490007CEF3 /* CompositeTests.swift */ = {isa = PBXFileReference; lastKnownFileType = sourcecode.swift; path = CompositeTests.swift; sourceTree = "<group>"; };
		3226FB5E2075923D0007CEF3 /* DecoratorTests.swift */ = {isa = PBXFileReference; lastKnownFileType = sourcecode.swift; path = DecoratorTests.swift; sourceTree = "<group>"; };
		3226FB63207594DB0007CEF3 /* UserDefaultsCacheImplementation.swift */ = {isa = PBXFileReference; lastKnownFileType = sourcecode.swift; path = UserDefaultsCacheImplementation.swift; sourceTree = "<group>"; };
		3226FB67207595330007CEF3 /* FacadeTests.swift */ = {isa = PBXFileReference; lastKnownFileType = sourcecode.swift; path = FacadeTests.swift; sourceTree = "<group>"; };
		3226FB6A20759EED0007CEF3 /* DictionaryCacheImplementation.swift */ = {isa = PBXFileReference; lastKnownFileType = sourcecode.swift; path = DictionaryCacheImplementation.swift; sourceTree = "<group>"; };
		3226FB6D20759FE50007CEF3 /* EqualityHelpers.swift */ = {isa = PBXFileReference; lastKnownFileType = sourcecode.swift; path = EqualityHelpers.swift; sourceTree = "<group>"; };
		3226FB7020871BFE0007CEF3 /* TODO */ = {isa = PBXFileReference; lastKnownFileType = text; path = TODO; sourceTree = "<group>"; };
		3226FB7220871D4F0007CEF3 /* FlyweightTests.swift */ = {isa = PBXFileReference; lastKnownFileType = sourcecode.swift; path = FlyweightTests.swift; sourceTree = "<group>"; };
		324354BC20EB531B0027EBE4 /* ChainOfResponsibilityTests.swift */ = {isa = PBXFileReference; lastKnownFileType = sourcecode.swift; path = ChainOfResponsibilityTests.swift; sourceTree = "<group>"; };
		324354BF20EB55450027EBE4 /* MediatorTests.swift */ = {isa = PBXFileReference; lastKnownFileType = sourcecode.swift; path = MediatorTests.swift; sourceTree = "<group>"; };
		324354C220EB5C990027EBE4 /* TemplateMethodTests.swift */ = {isa = PBXFileReference; lastKnownFileType = sourcecode.swift; path = TemplateMethodTests.swift; sourceTree = "<group>"; };
		324354C520EB5E2B0027EBE4 /* VisitorTests.swift */ = {isa = PBXFileReference; lastKnownFileType = sourcecode.swift; path = VisitorTests.swift; sourceTree = "<group>"; };
		326F757B1C2827A0001CF09D /* DesignPatterns */ = {isa = PBXFileReference; explicitFileType = "compiled.mach-o.executable"; includeInIndex = 0; path = DesignPatterns; sourceTree = BUILT_PRODUCTS_DIR; };
		326F757E1C2827A0001CF09D /* main.swift */ = {isa = PBXFileReference; lastKnownFileType = sourcecode.swift; path = main.swift; sourceTree = "<group>"; };
		326F75851C282885001CF09D /* AbstractFactory.swift */ = {isa = PBXFileReference; fileEncoding = 4; lastKnownFileType = sourcecode.swift; path = AbstractFactory.swift; sourceTree = "<group>"; };
		326F758D1C28333F001CF09D /* Builder.swift */ = {isa = PBXFileReference; fileEncoding = 4; lastKnownFileType = sourcecode.swift; path = Builder.swift; sourceTree = "<group>"; };
		326F75911C28B680001CF09D /* Number.swift */ = {isa = PBXFileReference; fileEncoding = 4; lastKnownFileType = sourcecode.swift; path = Number.swift; sourceTree = "<group>"; };
		326F75931C28BF4F001CF09D /* Factory.swift */ = {isa = PBXFileReference; fileEncoding = 4; lastKnownFileType = sourcecode.swift; path = Factory.swift; sourceTree = "<group>"; };
		326F75991C28C912001CF09D /* Prototype.swift */ = {isa = PBXFileReference; fileEncoding = 4; lastKnownFileType = sourcecode.swift; path = Prototype.swift; sourceTree = "<group>"; };
		326F759D1C28D1B8001CF09D /* Singleton.swift */ = {isa = PBXFileReference; fileEncoding = 4; lastKnownFileType = sourcecode.swift; path = Singleton.swift; sourceTree = "<group>"; };
		326F75A11C29275B001CF09D /* Adapter.swift */ = {isa = PBXFileReference; fileEncoding = 4; lastKnownFileType = sourcecode.swift; path = Adapter.swift; sourceTree = "<group>"; };
		326F75A51C292AE2001CF09D /* Bridge.swift */ = {isa = PBXFileReference; fileEncoding = 4; lastKnownFileType = sourcecode.swift; path = Bridge.swift; sourceTree = "<group>"; };
		326F75A91C296B0F001CF09D /* Composite.swift */ = {isa = PBXFileReference; fileEncoding = 4; lastKnownFileType = sourcecode.swift; path = Composite.swift; sourceTree = "<group>"; };
		326F75AD1C29783C001CF09D /* Decorator.swift */ = {isa = PBXFileReference; fileEncoding = 4; lastKnownFileType = sourcecode.swift; path = Decorator.swift; sourceTree = "<group>"; };
		326F75B11C2A4D17001CF09D /* Facade.swift */ = {isa = PBXFileReference; fileEncoding = 4; lastKnownFileType = sourcecode.swift; path = Facade.swift; sourceTree = "<group>"; };
		326F75B51C2A4FA4001CF09D /* Flyweight.swift */ = {isa = PBXFileReference; fileEncoding = 4; lastKnownFileType = sourcecode.swift; path = Flyweight.swift; sourceTree = "<group>"; };
		326F75BB1C2A6911001CF09D /* Proxy.swift */ = {isa = PBXFileReference; fileEncoding = 4; lastKnownFileType = sourcecode.swift; path = Proxy.swift; sourceTree = "<group>"; };
		326F75BD1C2A96D0001CF09D /* ObjectPool.swift */ = {isa = PBXFileReference; fileEncoding = 4; lastKnownFileType = sourcecode.swift; path = ObjectPool.swift; sourceTree = "<group>"; };
		326F75C11C2AAA9B001CF09D /* ChainOfResponsibility.swift */ = {isa = PBXFileReference; fileEncoding = 4; lastKnownFileType = sourcecode.swift; path = ChainOfResponsibility.swift; sourceTree = "<group>"; };
		326F75C71C2AB2AA001CF09D /* Command.swift */ = {isa = PBXFileReference; fileEncoding = 4; lastKnownFileType = sourcecode.swift; path = Command.swift; sourceTree = "<group>"; };
		326F75C91C2C7412001CF09D /* Mediator.swift */ = {isa = PBXFileReference; fileEncoding = 4; lastKnownFileType = sourcecode.swift; path = Mediator.swift; sourceTree = "<group>"; };
		326F75D11C2C7EDF001CF09D /* Observer.swift */ = {isa = PBXFileReference; fileEncoding = 4; lastKnownFileType = sourcecode.swift; path = Observer.swift; sourceTree = "<group>"; };
		326F75D51C2D5A91001CF09D /* State.swift */ = {isa = PBXFileReference; fileEncoding = 4; lastKnownFileType = sourcecode.swift; path = State.swift; sourceTree = "<group>"; };
		326F75D91C2D5EFA001CF09D /* Strategy.swift */ = {isa = PBXFileReference; fileEncoding = 4; lastKnownFileType = sourcecode.swift; path = Strategy.swift; sourceTree = "<group>"; };
		326F75DD1C2D60D9001CF09D /* TemplateMethod.swift */ = {isa = PBXFileReference; fileEncoding = 4; lastKnownFileType = sourcecode.swift; path = TemplateMethod.swift; sourceTree = "<group>"; };
		326F75E11C2D627C001CF09D /* Visitor.swift */ = {isa = PBXFileReference; fileEncoding = 4; lastKnownFileType = sourcecode.swift; path = Visitor.swift; sourceTree = "<group>"; };
		326F75E51C2D6303001CF09D /* Iterator.swift */ = {isa = PBXFileReference; fileEncoding = 4; lastKnownFileType = sourcecode.swift; path = Iterator.swift; sourceTree = "<group>"; };
		326F75E91C3BBF43001CF09D /* Future.swift */ = {isa = PBXFileReference; fileEncoding = 4; lastKnownFileType = sourcecode.swift; path = Future.swift; sourceTree = "<group>"; };
		326F75EB1C3BC027001CF09D /* FutureTests.swift */ = {isa = PBXFileReference; fileEncoding = 4; lastKnownFileType = sourcecode.swift; path = FutureTests.swift; sourceTree = "<group>"; };
		326F75ED1C3C198B001CF09D /* BalkingObject.swift */ = {isa = PBXFileReference; fileEncoding = 4; lastKnownFileType = sourcecode.swift; path = BalkingObject.swift; sourceTree = "<group>"; };
		326F75EF1C3C1CB7001CF09D /* BalkingObjectTests.swift */ = {isa = PBXFileReference; fileEncoding = 4; lastKnownFileType = sourcecode.swift; path = BalkingObjectTests.swift; sourceTree = "<group>"; };
		326F75F11C3C1F24001CF09D /* ActiveObject.swift */ = {isa = PBXFileReference; fileEncoding = 4; lastKnownFileType = sourcecode.swift; path = ActiveObject.swift; sourceTree = "<group>"; };
		326F75F31C3C225C001CF09D /* ActiveObjectTests.swift */ = {isa = PBXFileReference; fileEncoding = 4; lastKnownFileType = sourcecode.swift; path = ActiveObjectTests.swift; sourceTree = "<group>"; };
		32A4CECB20E023ED007996E6 /* ProxyTests.swift */ = {isa = PBXFileReference; lastKnownFileType = sourcecode.swift; path = ProxyTests.swift; sourceTree = "<group>"; };
		32A4CECE20E029FA007996E6 /* ObjectPoolTests.swift */ = {isa = PBXFileReference; lastKnownFileType = sourcecode.swift; path = ObjectPoolTests.swift; sourceTree = "<group>"; };
		32E8E0B01C52F0B200E7B813 /* IteratorTests.swift */ = {isa = PBXFileReference; fileEncoding = 4; lastKnownFileType = sourcecode.swift; path = IteratorTests.swift; sourceTree = "<group>"; };
		32E8E0B21C52F62A00E7B813 /* Tree.swift */ = {isa = PBXFileReference; fileEncoding = 4; lastKnownFileType = sourcecode.swift; path = Tree.swift; sourceTree = "<group>"; };
		32E8E0B41C52F64400E7B813 /* BinarySearchTree.swift */ = {isa = PBXFileReference; fileEncoding = 4; lastKnownFileType = sourcecode.swift; path = BinarySearchTree.swift; sourceTree = "<group>"; };
		32E8E0B61C52F70100E7B813 /* TreeTests.swift */ = {isa = PBXFileReference; fileEncoding = 4; lastKnownFileType = sourcecode.swift; path = TreeTests.swift; sourceTree = "<group>"; };
		32E8E0B81C52FF7000E7B813 /* Graph.swift */ = {isa = PBXFileReference; fileEncoding = 4; lastKnownFileType = sourcecode.swift; path = Graph.swift; sourceTree = "<group>"; };
		32E8E0BA1C53023400E7B813 /* BinarySearchTreeTests.swift */ = {isa = PBXFileReference; fileEncoding = 4; lastKnownFileType = sourcecode.swift; path = BinarySearchTreeTests.swift; sourceTree = "<group>"; };
		32F6AE592067460100E92B25 /* DesignPatternsTests.xctest */ = {isa = PBXFileReference; explicitFileType = wrapper.cfbundle; includeInIndex = 0; path = DesignPatternsTests.xctest; sourceTree = BUILT_PRODUCTS_DIR; };
		32F6AE5B2067460100E92B25 /* StrategyTests.swift */ = {isa = PBXFileReference; lastKnownFileType = sourcecode.swift; path = StrategyTests.swift; sourceTree = "<group>"; };
		32F6AE5D2067460100E92B25 /* Info.plist */ = {isa = PBXFileReference; lastKnownFileType = text.plist.xml; path = Info.plist; sourceTree = "<group>"; };
/* End PBXFileReference section */

/* Begin PBXFrameworksBuildPhase section */
		326F75781C2827A0001CF09D /* Frameworks */ = {
			isa = PBXFrameworksBuildPhase;
			buildActionMask = 2147483647;
			files = (
			);
			runOnlyForDeploymentPostprocessing = 0;
		};
		32F6AE562067460100E92B25 /* Frameworks */ = {
			isa = PBXFrameworksBuildPhase;
			buildActionMask = 2147483647;
			files = (
			);
			runOnlyForDeploymentPostprocessing = 0;
		};
/* End PBXFrameworksBuildPhase section */

/* Begin PBXGroup section */
		3226FB50206D6D710007CEF3 /* Helpers */ = {
			isa = PBXGroup;
			children = (
				3226FB51206D6D800007CEF3 /* StringHelpers.swift */,
				3226FB6D20759FE50007CEF3 /* EqualityHelpers.swift */,
			);
			path = Helpers;
			sourceTree = "<group>";
		};
		3226FB59206DA5E10007CEF3 /* TreeAlgorithms */ = {
			isa = PBXGroup;
			children = (
				32E8E0B21C52F62A00E7B813 /* Tree.swift */,
				32E8E0B41C52F64400E7B813 /* BinarySearchTree.swift */,
			);
			name = TreeAlgorithms;
			sourceTree = "<group>";
		};
		3226FB5A206DA5EB0007CEF3 /* GraphAlgorithms */ = {
			isa = PBXGroup;
			children = (
				32E8E0B81C52FF7000E7B813 /* Graph.swift */,
			);
			name = GraphAlgorithms;
			sourceTree = "<group>";
		};
		3226FB61207594A50007CEF3 /* CacheImplementations */ = {
			isa = PBXGroup;
			children = (
				3226FB63207594DB0007CEF3 /* UserDefaultsCacheImplementation.swift */,
				3226FB6A20759EED0007CEF3 /* DictionaryCacheImplementation.swift */,
			);
			name = CacheImplementations;
			sourceTree = "<group>";
		};
		326F75721C2827A0001CF09D = {
			isa = PBXGroup;
			children = (
				3226FB7020871BFE0007CEF3 /* TODO */,
				326F757D1C2827A0001CF09D /* DesignPatterns */,
				32F6AE5A2067460100E92B25 /* DesignPatternsTests */,
				326F757C1C2827A0001CF09D /* Products */,
			);
			sourceTree = "<group>";
		};
		326F757C1C2827A0001CF09D /* Products */ = {
			isa = PBXGroup;
			children = (
				326F757B1C2827A0001CF09D /* DesignPatterns */,
				32F6AE592067460100E92B25 /* DesignPatternsTests.xctest */,
			);
			name = Products;
			sourceTree = "<group>";
		};
		326F757D1C2827A0001CF09D /* DesignPatterns */ = {
			isa = PBXGroup;
			children = (
				3226FB61207594A50007CEF3 /* CacheImplementations */,
				3226FB5A206DA5EB0007CEF3 /* GraphAlgorithms */,
				3226FB59206DA5E10007CEF3 /* TreeAlgorithms */,
				326F757E1C2827A0001CF09D /* main.swift */,
				326F75911C28B680001CF09D /* Number.swift */,
				326F75851C282885001CF09D /* AbstractFactory.swift */,
				326F758D1C28333F001CF09D /* Builder.swift */,
				326F75931C28BF4F001CF09D /* Factory.swift */,
				326F75991C28C912001CF09D /* Prototype.swift */,
				326F759D1C28D1B8001CF09D /* Singleton.swift */,
				326F75A11C29275B001CF09D /* Adapter.swift */,
				326F75A51C292AE2001CF09D /* Bridge.swift */,
				326F75A91C296B0F001CF09D /* Composite.swift */,
				326F75AD1C29783C001CF09D /* Decorator.swift */,
				326F75B11C2A4D17001CF09D /* Facade.swift */,
				326F75B51C2A4FA4001CF09D /* Flyweight.swift */,
				326F75BB1C2A6911001CF09D /* Proxy.swift */,
				326F75BD1C2A96D0001CF09D /* ObjectPool.swift */,
				326F75C11C2AAA9B001CF09D /* ChainOfResponsibility.swift */,
				326F75C71C2AB2AA001CF09D /* Command.swift */,
				326F75C91C2C7412001CF09D /* Mediator.swift */,
				326F75D11C2C7EDF001CF09D /* Observer.swift */,
				326F75D51C2D5A91001CF09D /* State.swift */,
				326F75D91C2D5EFA001CF09D /* Strategy.swift */,
				326F75DD1C2D60D9001CF09D /* TemplateMethod.swift */,
				326F75E11C2D627C001CF09D /* Visitor.swift */,
				326F75E51C2D6303001CF09D /* Iterator.swift */,
				326F75E91C3BBF43001CF09D /* Future.swift */,
				326F75ED1C3C198B001CF09D /* BalkingObject.swift */,
				326F75F11C3C1F24001CF09D /* ActiveObject.swift */,
			);
			path = DesignPatterns;
			sourceTree = "<group>";
		};
		32F6AE5A2067460100E92B25 /* DesignPatternsTests */ = {
			isa = PBXGroup;
			children = (
				3226FB50206D6D710007CEF3 /* Helpers */,
				32F6AE5D2067460100E92B25 /* Info.plist */,
				3226FB402068BEB10007CEF3 /* AbstractFactoryTests.swift */,
				3226FB442068C0460007CEF3 /* BuilderTests.swift */,
				32F6AE5B2067460100E92B25 /* StrategyTests.swift */,
				3226FB47206CC30F0007CEF3 /* FactoryTests.swift */,
				3226FB4A206CC6A10007CEF3 /* PrototypeTests.swift */,
				3226FB4D206D63D10007CEF3 /* SingletonTests.swift */,
				3226FB53206DA0F50007CEF3 /* AdapterTests.swift */,
				3226FB56206DA5400007CEF3 /* BridgeTests.swift */,
				3226FB5B206DA6490007CEF3 /* CompositeTests.swift */,
				3226FB5E2075923D0007CEF3 /* DecoratorTests.swift */,
				3226FB67207595330007CEF3 /* FacadeTests.swift */,
				3226FB7220871D4F0007CEF3 /* FlyweightTests.swift */,
				32A4CECB20E023ED007996E6 /* ProxyTests.swift */,
				32A4CECE20E029FA007996E6 /* ObjectPoolTests.swift */,
				324354BC20EB531B0027EBE4 /* ChainOfResponsibilityTests.swift */,
				324354BF20EB55450027EBE4 /* MediatorTests.swift */,
				324354C220EB5C990027EBE4 /* TemplateMethodTests.swift */,
				324354C520EB5E2B0027EBE4 /* VisitorTests.swift */,
				326F75EB1C3BC027001CF09D /* FutureTests.swift */,
				326F75EF1C3C1CB7001CF09D /* BalkingObjectTests.swift */,
				326F75F31C3C225C001CF09D /* ActiveObjectTests.swift */,
				32E8E0B01C52F0B200E7B813 /* IteratorTests.swift */,
				32E8E0B61C52F70100E7B813 /* TreeTests.swift */,
				32E8E0BA1C53023400E7B813 /* BinarySearchTreeTests.swift */,
			);
			path = DesignPatternsTests;
			sourceTree = "<group>";
		};
/* End PBXGroup section */

/* Begin PBXNativeTarget section */
		326F757A1C2827A0001CF09D /* DesignPatterns */ = {
			isa = PBXNativeTarget;
			buildConfigurationList = 326F75821C2827A0001CF09D /* Build configuration list for PBXNativeTarget "DesignPatterns" */;
			buildPhases = (
				326F75771C2827A0001CF09D /* Sources */,
				326F75781C2827A0001CF09D /* Frameworks */,
				326F75791C2827A0001CF09D /* CopyFiles */,
			);
			buildRules = (
			);
			dependencies = (
			);
			name = DesignPatterns;
			productName = DesignPatterns;
			productReference = 326F757B1C2827A0001CF09D /* DesignPatterns */;
			productType = "com.apple.product-type.tool";
		};
		32F6AE582067460100E92B25 /* DesignPatternsTests */ = {
			isa = PBXNativeTarget;
			buildConfigurationList = 32F6AE5E2067460100E92B25 /* Build configuration list for PBXNativeTarget "DesignPatternsTests" */;
			buildPhases = (
				32F6AE552067460100E92B25 /* Sources */,
				32F6AE562067460100E92B25 /* Frameworks */,
				32F6AE572067460100E92B25 /* Resources */,
			);
			buildRules = (
			);
			dependencies = (
			);
			name = DesignPatternsTests;
			productName = DesignPatternsTests;
			productReference = 32F6AE592067460100E92B25 /* DesignPatternsTests.xctest */;
			productType = "com.apple.product-type.bundle.unit-test";
		};
/* End PBXNativeTarget section */

/* Begin PBXProject section */
		326F75731C2827A0001CF09D /* Project object */ = {
			isa = PBXProject;
			attributes = {
				LastSwiftUpdateCheck = 0920;
				LastUpgradeCheck = 0940;
				ORGANIZATIONNAME = "Laurentiu Dascalu";
				TargetAttributes = {
					326F757A1C2827A0001CF09D = {
						CreatedOnToolsVersion = 7.1.1;
					};
					32F6AE582067460100E92B25 = {
						CreatedOnToolsVersion = 9.2;
						ProvisioningStyle = Automatic;
					};
				};
			};
			buildConfigurationList = 326F75761C2827A0001CF09D /* Build configuration list for PBXProject "DesignPatterns" */;
			compatibilityVersion = "Xcode 3.2";
			developmentRegion = English;
			hasScannedForEncodings = 0;
			knownRegions = (
				en,
			);
			mainGroup = 326F75721C2827A0001CF09D;
			productRefGroup = 326F757C1C2827A0001CF09D /* Products */;
			projectDirPath = "";
			projectRoot = "";
			targets = (
				326F757A1C2827A0001CF09D /* DesignPatterns */,
				32F6AE582067460100E92B25 /* DesignPatternsTests */,
			);
		};
/* End PBXProject section */

/* Begin PBXResourcesBuildPhase section */
		32F6AE572067460100E92B25 /* Resources */ = {
			isa = PBXResourcesBuildPhase;
			buildActionMask = 2147483647;
			files = (
				3226FB7120871BFE0007CEF3 /* TODO in Resources */,
			);
			runOnlyForDeploymentPostprocessing = 0;
		};
/* End PBXResourcesBuildPhase section */

/* Begin PBXSourcesBuildPhase section */
		326F75771C2827A0001CF09D /* Sources */ = {
			isa = PBXSourcesBuildPhase;
			buildActionMask = 2147483647;
			files = (
				326F75861C282885001CF09D /* AbstractFactory.swift in Sources */,
				326F75BC1C2A6911001CF09D /* Proxy.swift in Sources */,
				326F75EE1C3C198B001CF09D /* BalkingObject.swift in Sources */,
				326F75E61C2D6303001CF09D /* Iterator.swift in Sources */,
				326F75C21C2AAA9B001CF09D /* ChainOfResponsibility.swift in Sources */,
				32E8E0B51C52F64400E7B813 /* BinarySearchTree.swift in Sources */,
				326F75AE1C29783C001CF09D /* Decorator.swift in Sources */,
				326F759E1C28D1B8001CF09D /* Singleton.swift in Sources */,
				326F75E21C2D627C001CF09D /* Visitor.swift in Sources */,
				326F75BE1C2A96D0001CF09D /* ObjectPool.swift in Sources */,
				326F757F1C2827A0001CF09D /* main.swift in Sources */,
				326F75921C28B680001CF09D /* Number.swift in Sources */,
				326F75D21C2C7EDF001CF09D /* Observer.swift in Sources */,
				326F75A61C292AE2001CF09D /* Bridge.swift in Sources */,
				32E8E0B91C52FF7000E7B813 /* Graph.swift in Sources */,
				326F75EA1C3BBF43001CF09D /* Future.swift in Sources */,
				326F75CA1C2C7412001CF09D /* Mediator.swift in Sources */,
				326F75F21C3C1F24001CF09D /* ActiveObject.swift in Sources */,
				326F75B21C2A4D17001CF09D /* Facade.swift in Sources */,
				326F759A1C28C912001CF09D /* Prototype.swift in Sources */,
				326F75D61C2D5A91001CF09D /* State.swift in Sources */,
				326F75B61C2A4FA4001CF09D /* Flyweight.swift in Sources */,
				3226FB6E20759FE50007CEF3 /* EqualityHelpers.swift in Sources */,
				326F75C81C2AB2AA001CF09D /* Command.swift in Sources */,
				326F758E1C28333F001CF09D /* Builder.swift in Sources */,
				3226FB6B20759EED0007CEF3 /* DictionaryCacheImplementation.swift in Sources */,
				326F75A21C29275B001CF09D /* Adapter.swift in Sources */,
				326F75DE1C2D60D9001CF09D /* TemplateMethod.swift in Sources */,
				326F75AA1C296B0F001CF09D /* Composite.swift in Sources */,
				32E8E0B31C52F62A00E7B813 /* Tree.swift in Sources */,
				326F75941C28BF4F001CF09D /* Factory.swift in Sources */,
				3226FB68207595330007CEF3 /* FacadeTests.swift in Sources */,
				326F75DA1C2D5EFA001CF09D /* Strategy.swift in Sources */,
				3226FB64207594DB0007CEF3 /* UserDefaultsCacheImplementation.swift in Sources */,
				3226FB7320871D4F0007CEF3 /* FlyweightTests.swift in Sources */,
			);
			runOnlyForDeploymentPostprocessing = 0;
		};
		32F6AE552067460100E92B25 /* Sources */ = {
			isa = PBXSourcesBuildPhase;
			buildActionMask = 2147483647;
			files = (
				3226FB48206CC30F0007CEF3 /* FactoryTests.swift in Sources */,
				3226FB4E206D63D10007CEF3 /* SingletonTests.swift in Sources */,
				3226FB52206D6D800007CEF3 /* StringHelpers.swift in Sources */,
				324354D120ED3D9E0027EBE4 /* Iterator.swift in Sources */,
				32A4CECD20E0254E007996E6 /* Proxy.swift in Sources */,
				3226FB66207594EF0007CEF3 /* Facade.swift in Sources */,
				3226FB60207592960007CEF3 /* Decorator.swift in Sources */,
				324354CB20EB5FCA0027EBE4 /* IteratorTests.swift in Sources */,
				3226FB7420871D4F0007CEF3 /* FlyweightTests.swift in Sources */,
				3226FB4C206CC6C70007CEF3 /* Prototype.swift in Sources */,
				324354C920EB5FC40027EBE4 /* BalkingObjectTests.swift in Sources */,
				324354CC20EB5FCE0027EBE4 /* BinarySearchTreeTests.swift in Sources */,
				3226FB7520871DED0007CEF3 /* Flyweight.swift in Sources */,
				3226FB432068BF160007CEF3 /* Number.swift in Sources */,
				324354C020EB55450027EBE4 /* MediatorTests.swift in Sources */,
				3226FB5D206DA6900007CEF3 /* Composite.swift in Sources */,
				3226FB5C206DA6490007CEF3 /* CompositeTests.swift in Sources */,
				324354C420EB5CCB0027EBE4 /* TemplateMethod.swift in Sources */,
				324354C820EB5FB30027EBE4 /* FutureTests.swift in Sources */,
				3226FB452068C0460007CEF3 /* BuilderTests.swift in Sources */,
				3226FB6C20759EED0007CEF3 /* DictionaryCacheImplementation.swift in Sources */,
				324354C620EB5E2B0027EBE4 /* VisitorTests.swift in Sources */,
				324354CD20EB5FD10027EBE4 /* TreeTests.swift in Sources */,
				3226FB4F206D64DF0007CEF3 /* Singleton.swift in Sources */,
				324354CA20EB5FC70027EBE4 /* ActiveObjectTests.swift in Sources */,
				3226FB57206DA5400007CEF3 /* BridgeTests.swift in Sources */,
				324354BD20EB531B0027EBE4 /* ChainOfResponsibilityTests.swift in Sources */,
				3226FB462068C0DB0007CEF3 /* Builder.swift in Sources */,
				324354C720EB5E330027EBE4 /* Visitor.swift in Sources */,
				3226FB65207594DB0007CEF3 /* UserDefaultsCacheImplementation.swift in Sources */,
				324354C120EB55CC0027EBE4 /* Mediator.swift in Sources */,
				3226FB69207595330007CEF3 /* FacadeTests.swift in Sources */,
				324354C320EB5C990027EBE4 /* TemplateMethodTests.swift in Sources */,
				324354D320ED431B0027EBE4 /* BinarySearchTree.swift in Sources */,
				32A4CECC20E023ED007996E6 /* ProxyTests.swift in Sources */,
				32A4CED020E02A19007996E6 /* ObjectPool.swift in Sources */,
				32A4CECF20E029FA007996E6 /* ObjectPoolTests.swift in Sources */,
				3226FB6F20759FE50007CEF3 /* EqualityHelpers.swift in Sources */,
				324354D220ED3FD60027EBE4 /* Tree.swift in Sources */,
				3226FB422068BEE50007CEF3 /* AbstractFactory.swift in Sources */,
				3226FB55206DA1380007CEF3 /* Adapter.swift in Sources */,
				324354D020ED367A0027EBE4 /* ActiveObject.swift in Sources */,
				3226FB49206CC3560007CEF3 /* Factory.swift in Sources */,
				324354BE20EB531F0027EBE4 /* ChainOfResponsibility.swift in Sources */,
				32F6AE612067469E00E92B25 /* Strategy.swift in Sources */,
				32F6AE5C2067460100E92B25 /* StrategyTests.swift in Sources */,
				3226FB58206DA5730007CEF3 /* Bridge.swift in Sources */,
				324354CF20EC9FAF0027EBE4 /* Future.swift in Sources */,
				3226FB54206DA0F50007CEF3 /* AdapterTests.swift in Sources */,
				3226FB4B206CC6A10007CEF3 /* PrototypeTests.swift in Sources */,
				324354CE20EB60590027EBE4 /* BalkingObject.swift in Sources */,
				3226FB412068BEB10007CEF3 /* AbstractFactoryTests.swift in Sources */,
				3226FB5F2075923D0007CEF3 /* DecoratorTests.swift in Sources */,
			);
			runOnlyForDeploymentPostprocessing = 0;
		};
/* End PBXSourcesBuildPhase section */

/* Begin XCBuildConfiguration section */
		326F75801C2827A0001CF09D /* Debug */ = {
			isa = XCBuildConfiguration;
			buildSettings = {
				ALWAYS_SEARCH_USER_PATHS = NO;
				CLANG_CXX_LANGUAGE_STANDARD = "gnu++0x";
				CLANG_CXX_LIBRARY = "libc++";
				CLANG_ENABLE_MODULES = YES;
				CLANG_ENABLE_OBJC_ARC = YES;
				CLANG_WARN_BLOCK_CAPTURE_AUTORELEASING = YES;
				CLANG_WARN_BOOL_CONVERSION = YES;
				CLANG_WARN_COMMA = YES;
				CLANG_WARN_CONSTANT_CONVERSION = YES;
				CLANG_WARN_DEPRECATED_OBJC_IMPLEMENTATIONS = YES;
				CLANG_WARN_DIRECT_OBJC_ISA_USAGE = YES_ERROR;
				CLANG_WARN_EMPTY_BODY = YES;
				CLANG_WARN_ENUM_CONVERSION = YES;
				CLANG_WARN_INFINITE_RECURSION = YES;
				CLANG_WARN_INT_CONVERSION = YES;
				CLANG_WARN_NON_LITERAL_NULL_CONVERSION = YES;
				CLANG_WARN_OBJC_IMPLICIT_RETAIN_SELF = YES;
				CLANG_WARN_OBJC_LITERAL_CONVERSION = YES;
				CLANG_WARN_OBJC_ROOT_CLASS = YES_ERROR;
				CLANG_WARN_RANGE_LOOP_ANALYSIS = YES;
				CLANG_WARN_STRICT_PROTOTYPES = YES;
				CLANG_WARN_SUSPICIOUS_MOVE = YES;
				CLANG_WARN_UNREACHABLE_CODE = YES;
				CLANG_WARN__DUPLICATE_METHOD_MATCH = YES;
				CODE_SIGN_IDENTITY = "-";
				COPY_PHASE_STRIP = NO;
				DEBUG_INFORMATION_FORMAT = dwarf;
				ENABLE_STRICT_OBJC_MSGSEND = YES;
				ENABLE_TESTABILITY = YES;
				GCC_C_LANGUAGE_STANDARD = gnu99;
				GCC_DYNAMIC_NO_PIC = NO;
				GCC_NO_COMMON_BLOCKS = YES;
				GCC_OPTIMIZATION_LEVEL = 0;
				GCC_PREPROCESSOR_DEFINITIONS = (
					"DEBUG=1",
					"$(inherited)",
				);
				GCC_WARN_64_TO_32_BIT_CONVERSION = YES;
				GCC_WARN_ABOUT_RETURN_TYPE = YES_ERROR;
				GCC_WARN_UNDECLARED_SELECTOR = YES;
				GCC_WARN_UNINITIALIZED_AUTOS = YES_AGGRESSIVE;
				GCC_WARN_UNUSED_FUNCTION = YES;
				GCC_WARN_UNUSED_VARIABLE = YES;
				MACOSX_DEPLOYMENT_TARGET = 10.10;
				MTL_ENABLE_DEBUG_INFO = YES;
				ONLY_ACTIVE_ARCH = YES;
				SDKROOT = macosx;
				SWIFT_OPTIMIZATION_LEVEL = "-Onone";
			};
			name = Debug;
		};
		326F75811C2827A0001CF09D /* Release */ = {
			isa = XCBuildConfiguration;
			buildSettings = {
				ALWAYS_SEARCH_USER_PATHS = NO;
				CLANG_CXX_LANGUAGE_STANDARD = "gnu++0x";
				CLANG_CXX_LIBRARY = "libc++";
				CLANG_ENABLE_MODULES = YES;
				CLANG_ENABLE_OBJC_ARC = YES;
				CLANG_WARN_BLOCK_CAPTURE_AUTORELEASING = YES;
				CLANG_WARN_BOOL_CONVERSION = YES;
				CLANG_WARN_COMMA = YES;
				CLANG_WARN_CONSTANT_CONVERSION = YES;
				CLANG_WARN_DEPRECATED_OBJC_IMPLEMENTATIONS = YES;
				CLANG_WARN_DIRECT_OBJC_ISA_USAGE = YES_ERROR;
				CLANG_WARN_EMPTY_BODY = YES;
				CLANG_WARN_ENUM_CONVERSION = YES;
				CLANG_WARN_INFINITE_RECURSION = YES;
				CLANG_WARN_INT_CONVERSION = YES;
				CLANG_WARN_NON_LITERAL_NULL_CONVERSION = YES;
				CLANG_WARN_OBJC_IMPLICIT_RETAIN_SELF = YES;
				CLANG_WARN_OBJC_LITERAL_CONVERSION = YES;
				CLANG_WARN_OBJC_ROOT_CLASS = YES_ERROR;
				CLANG_WARN_RANGE_LOOP_ANALYSIS = YES;
				CLANG_WARN_STRICT_PROTOTYPES = YES;
				CLANG_WARN_SUSPICIOUS_MOVE = YES;
				CLANG_WARN_UNREACHABLE_CODE = YES;
				CLANG_WARN__DUPLICATE_METHOD_MATCH = YES;
				CODE_SIGN_IDENTITY = "-";
				COPY_PHASE_STRIP = NO;
				DEBUG_INFORMATION_FORMAT = "dwarf-with-dsym";
				ENABLE_NS_ASSERTIONS = NO;
				ENABLE_STRICT_OBJC_MSGSEND = YES;
				GCC_C_LANGUAGE_STANDARD = gnu99;
				GCC_NO_COMMON_BLOCKS = YES;
				GCC_WARN_64_TO_32_BIT_CONVERSION = YES;
				GCC_WARN_ABOUT_RETURN_TYPE = YES_ERROR;
				GCC_WARN_UNDECLARED_SELECTOR = YES;
				GCC_WARN_UNINITIALIZED_AUTOS = YES_AGGRESSIVE;
				GCC_WARN_UNUSED_FUNCTION = YES;
				GCC_WARN_UNUSED_VARIABLE = YES;
				MACOSX_DEPLOYMENT_TARGET = 10.10;
				MTL_ENABLE_DEBUG_INFO = NO;
				SDKROOT = macosx;
				SWIFT_OPTIMIZATION_LEVEL = "-Owholemodule";
			};
			name = Release;
		};
		326F75831C2827A0001CF09D /* Debug */ = {
			isa = XCBuildConfiguration;
			buildSettings = {
				CLANG_ENABLE_MODULES = YES;
				COPY_HEADERS_RUN_UNIFDEF = YES;
				DEBUG_INFORMATION_FORMAT = "dwarf-with-dsym";
				LD_RUNPATH_SEARCH_PATHS = "$(inherited) @executable_path/../Frameworks @loader_path/../Frameworks";
				PRODUCT_NAME = "$(TARGET_NAME)";
				SWIFT_OBJC_INTERFACE_HEADER_NAME = "";
				SWIFT_OPTIMIZATION_LEVEL = "-Onone";
				SWIFT_VERSION = 4.0;
			};
			name = Debug;
		};
		326F75841C2827A0001CF09D /* Release */ = {
			isa = XCBuildConfiguration;
			buildSettings = {
				CLANG_ENABLE_MODULES = YES;
				COPY_HEADERS_RUN_UNIFDEF = YES;
				DEBUG_INFORMATION_FORMAT = "dwarf-with-dsym";
				LD_RUNPATH_SEARCH_PATHS = "$(inherited) @executable_path/../Frameworks @loader_path/../Frameworks";
				PRODUCT_NAME = "$(TARGET_NAME)";
				SWIFT_OBJC_INTERFACE_HEADER_NAME = "";
				SWIFT_VERSION = 4.0;
			};
			name = Release;
		};
		32F6AE5F2067460100E92B25 /* Debug */ = {
			isa = XCBuildConfiguration;
			buildSettings = {
				CLANG_ANALYZER_NONNULL = YES;
				CLANG_ANALYZER_NUMBER_OBJECT_CONVERSION = YES_AGGRESSIVE;
				CLANG_CXX_LANGUAGE_STANDARD = "gnu++14";
				CLANG_WARN_BLOCK_CAPTURE_AUTORELEASING = YES;
				CLANG_WARN_COMMA = YES;
				CLANG_WARN_DOCUMENTATION_COMMENTS = YES;
				CLANG_WARN_INFINITE_RECURSION = YES;
				CLANG_WARN_NON_LITERAL_NULL_CONVERSION = YES;
				CLANG_WARN_OBJC_LITERAL_CONVERSION = YES;
				CLANG_WARN_RANGE_LOOP_ANALYSIS = YES;
				CLANG_WARN_STRICT_PROTOTYPES = YES;
				CLANG_WARN_SUSPICIOUS_MOVE = YES;
				CLANG_WARN_UNGUARDED_AVAILABILITY = YES_AGGRESSIVE;
				CODE_SIGN_STYLE = Automatic;
				COMBINE_HIDPI_IMAGES = YES;
				GCC_C_LANGUAGE_STANDARD = gnu11;
				INFOPLIST_FILE = DesignPatternsTests/Info.plist;
				LD_RUNPATH_SEARCH_PATHS = "$(inherited) @executable_path/../Frameworks @loader_path/../Frameworks";
				MACOSX_DEPLOYMENT_TARGET = 10.13;
				PRODUCT_BUNDLE_IDENTIFIER = sana.DesignPatternsTests;
				PRODUCT_NAME = "$(TARGET_NAME)";
				SWIFT_ACTIVE_COMPILATION_CONDITIONS = DEBUG;
				SWIFT_VERSION = 4.0;
			};
			name = Debug;
		};
		32F6AE602067460100E92B25 /* Release */ = {
			isa = XCBuildConfiguration;
			buildSettings = {
				CLANG_ANALYZER_NONNULL = YES;
				CLANG_ANALYZER_NUMBER_OBJECT_CONVERSION = YES_AGGRESSIVE;
				CLANG_CXX_LANGUAGE_STANDARD = "gnu++14";
				CLANG_WARN_BLOCK_CAPTURE_AUTORELEASING = YES;
				CLANG_WARN_COMMA = YES;
				CLANG_WARN_DOCUMENTATION_COMMENTS = YES;
				CLANG_WARN_INFINITE_RECURSION = YES;
				CLANG_WARN_NON_LITERAL_NULL_CONVERSION = YES;
				CLANG_WARN_OBJC_LITERAL_CONVERSION = YES;
				CLANG_WARN_RANGE_LOOP_ANALYSIS = YES;
				CLANG_WARN_STRICT_PROTOTYPES = YES;
				CLANG_WARN_SUSPICIOUS_MOVE = YES;
				CLANG_WARN_UNGUARDED_AVAILABILITY = YES_AGGRESSIVE;
				CODE_SIGN_STYLE = Automatic;
				COMBINE_HIDPI_IMAGES = YES;
				GCC_C_LANGUAGE_STANDARD = gnu11;
				INFOPLIST_FILE = DesignPatternsTests/Info.plist;
				LD_RUNPATH_SEARCH_PATHS = "$(inherited) @executable_path/../Frameworks @loader_path/../Frameworks";
				MACOSX_DEPLOYMENT_TARGET = 10.13;
				PRODUCT_BUNDLE_IDENTIFIER = sana.DesignPatternsTests;
				PRODUCT_NAME = "$(TARGET_NAME)";
				SWIFT_OPTIMIZATION_LEVEL = "-Owholemodule";
				SWIFT_VERSION = 4.0;
			};
			name = Release;
		};
/* End XCBuildConfiguration section */

/* Begin XCConfigurationList section */
		326F75761C2827A0001CF09D /* Build configuration list for PBXProject "DesignPatterns" */ = {
			isa = XCConfigurationList;
			buildConfigurations = (
				326F75801C2827A0001CF09D /* Debug */,
				326F75811C2827A0001CF09D /* Release */,
			);
			defaultConfigurationIsVisible = 0;
			defaultConfigurationName = Release;
		};
		326F75821C2827A0001CF09D /* Build configuration list for PBXNativeTarget "DesignPatterns" */ = {
			isa = XCConfigurationList;
			buildConfigurations = (
				326F75831C2827A0001CF09D /* Debug */,
				326F75841C2827A0001CF09D /* Release */,
			);
			defaultConfigurationIsVisible = 0;
			defaultConfigurationName = Release;
		};
		32F6AE5E2067460100E92B25 /* Build configuration list for PBXNativeTarget "DesignPatternsTests" */ = {
			isa = XCConfigurationList;
			buildConfigurations = (
				32F6AE5F2067460100E92B25 /* Debug */,
				32F6AE602067460100E92B25 /* Release */,
			);
			defaultConfigurationIsVisible = 0;
			defaultConfigurationName = Release;
		};
/* End XCConfigurationList section */
	};
	rootObject = 326F75731C2827A0001CF09D /* Project object */;
}
