// !$*UTF8*$!
{
	archiveVersion = 1;
	classes = {
	};
	objectVersion = 46;
	objects = {

/* Begin PBXBuildFile section */
		326F756F1C14F28A001CF09D /* Array+Additions.swift in Sources */ = {isa = PBXBuildFile; fileRef = 326F756E1C14F28A001CF09D /* Array+Additions.swift */; };
		326F75711C14F2A9001CF09D /* TrieNode.swift in Sources */ = {isa = PBXBuildFile; fileRef = 326F75701C14F2A9001CF09D /* TrieNode.swift */; };
		327198191C14E8DB007B9DC5 /* TestTransactions1.strings in CopyFiles */ = {isa = PBXBuildFile; fileRef = 327198181C14E8B9007B9DC5 /* TestTransactions1.strings */; };
		3271981D1C14ED2F007B9DC5 /* TestTransactions2.strings in CopyFiles */ = {isa = PBXBuildFile; fileRef = 3271981A1C14E8FD007B9DC5 /* TestTransactions2.strings */; };
		3271981E1C14ED2F007B9DC5 /* TestTransactions3.strings in CopyFiles */ = {isa = PBXBuildFile; fileRef = 3271981B1C14E912007B9DC5 /* TestTransactions3.strings */; };
		3271981F1C14ED3B007B9DC5 /* TestTransactions4.strings in CopyFiles */ = {isa = PBXBuildFile; fileRef = 3271981C1C14E91F007B9DC5 /* TestTransactions4.strings */; };
		32BD478F1C140A9F008CF712 /* Test1.strings in CopyFiles */ = {isa = PBXBuildFile; fileRef = 32BD478D1C1405B9008CF712 /* Test1.strings */; };
		32BD47911C140BF2008CF712 /* Command.swift in Sources */ = {isa = PBXBuildFile; fileRef = 32BD47901C140BF2008CF712 /* Command.swift */; };
		32BD47931C14169A008CF712 /* Test2.strings in CopyFiles */ = {isa = PBXBuildFile; fileRef = 32BD47921C141688008CF712 /* Test2.strings */; };
		32BD47951C14176E008CF712 /* Test3.strings in CopyFiles */ = {isa = PBXBuildFile; fileRef = 32BD47941C14174C008CF712 /* Test3.strings */; };
		32D074B41C12CFF000582659 /* main.swift in Sources */ = {isa = PBXBuildFile; fileRef = 32D074B31C12CFF000582659 /* main.swift */; };
		32D074BB1C12D03400582659 /* Trie.swift in Sources */ = {isa = PBXBuildFile; fileRef = 32D074BA1C12D03400582659 /* Trie.swift */; };
/* End PBXBuildFile section */

/* Begin PBXCopyFilesBuildPhase section */
		32D074AE1C12CFF000582659 /* CopyFiles */ = {
			isa = PBXCopyFilesBuildPhase;
			buildActionMask = 12;
			dstPath = "";
			dstSubfolderSpec = 7;
			files = (
				3271981F1C14ED3B007B9DC5 /* TestTransactions4.strings in CopyFiles */,
				3271981D1C14ED2F007B9DC5 /* TestTransactions2.strings in CopyFiles */,
				3271981E1C14ED2F007B9DC5 /* TestTransactions3.strings in CopyFiles */,
				327198191C14E8DB007B9DC5 /* TestTransactions1.strings in CopyFiles */,
				32BD47951C14176E008CF712 /* Test3.strings in CopyFiles */,
				32BD47931C14169A008CF712 /* Test2.strings in CopyFiles */,
				32BD478F1C140A9F008CF712 /* Test1.strings in CopyFiles */,
			);
			runOnlyForDeploymentPostprocessing = 0;
		};
/* End PBXCopyFilesBuildPhase section */

/* Begin PBXFileReference section */
		326F756E1C14F28A001CF09D /* Array+Additions.swift */ = {isa = PBXFileReference; fileEncoding = 4; lastKnownFileType = sourcecode.swift; path = "Array+Additions.swift"; sourceTree = "<group>"; };
		326F75701C14F2A9001CF09D /* TrieNode.swift */ = {isa = PBXFileReference; fileEncoding = 4; lastKnownFileType = sourcecode.swift; path = TrieNode.swift; sourceTree = "<group>"; };
		327198181C14E8B9007B9DC5 /* TestTransactions1.strings */ = {isa = PBXFileReference; fileEncoding = 4; lastKnownFileType = text.plist.strings; path = TestTransactions1.strings; sourceTree = "<group>"; };
		3271981A1C14E8FD007B9DC5 /* TestTransactions2.strings */ = {isa = PBXFileReference; fileEncoding = 4; lastKnownFileType = text.plist.strings; path = TestTransactions2.strings; sourceTree = "<group>"; };
		3271981B1C14E912007B9DC5 /* TestTransactions3.strings */ = {isa = PBXFileReference; fileEncoding = 4; lastKnownFileType = text.plist.strings; path = TestTransactions3.strings; sourceTree = "<group>"; };
		3271981C1C14E91F007B9DC5 /* TestTransactions4.strings */ = {isa = PBXFileReference; fileEncoding = 4; lastKnownFileType = text.plist.strings; path = TestTransactions4.strings; sourceTree = "<group>"; };
		32BD478D1C1405B9008CF712 /* Test1.strings */ = {isa = PBXFileReference; fileEncoding = 4; lastKnownFileType = text.plist.strings; path = Test1.strings; sourceTree = "<group>"; };
		32BD47901C140BF2008CF712 /* Command.swift */ = {isa = PBXFileReference; fileEncoding = 4; lastKnownFileType = sourcecode.swift; path = Command.swift; sourceTree = "<group>"; };
		32BD47921C141688008CF712 /* Test2.strings */ = {isa = PBXFileReference; fileEncoding = 4; lastKnownFileType = text.plist.strings; path = Test2.strings; sourceTree = "<group>"; };
		32BD47941C14174C008CF712 /* Test3.strings */ = {isa = PBXFileReference; fileEncoding = 4; lastKnownFileType = text.plist.strings; path = Test3.strings; sourceTree = "<group>"; };
		32D074B01C12CFF000582659 /* ThumbtackSimpleDatabase */ = {isa = PBXFileReference; explicitFileType = "compiled.mach-o.executable"; includeInIndex = 0; path = ThumbtackSimpleDatabase; sourceTree = BUILT_PRODUCTS_DIR; };
		32D074B31C12CFF000582659 /* main.swift */ = {isa = PBXFileReference; lastKnownFileType = sourcecode.swift; path = main.swift; sourceTree = "<group>"; };
		32D074BA1C12D03400582659 /* Trie.swift */ = {isa = PBXFileReference; fileEncoding = 4; lastKnownFileType = sourcecode.swift; path = Trie.swift; sourceTree = "<group>"; };
/* End PBXFileReference section */

/* Begin PBXFrameworksBuildPhase section */
		32D074AD1C12CFF000582659 /* Frameworks */ = {
			isa = PBXFrameworksBuildPhase;
			buildActionMask = 2147483647;
			files = (
			);
			runOnlyForDeploymentPostprocessing = 0;
		};
/* End PBXFrameworksBuildPhase section */

/* Begin PBXGroup section */
		32BD478E1C140990008CF712 /* Tests */ = {
			isa = PBXGroup;
			children = (
				32BD478D1C1405B9008CF712 /* Test1.strings */,
				32BD47921C141688008CF712 /* Test2.strings */,
				32BD47941C14174C008CF712 /* Test3.strings */,
				327198181C14E8B9007B9DC5 /* TestTransactions1.strings */,
				3271981A1C14E8FD007B9DC5 /* TestTransactions2.strings */,
				3271981B1C14E912007B9DC5 /* TestTransactions3.strings */,
				3271981C1C14E91F007B9DC5 /* TestTransactions4.strings */,
			);
			name = Tests;
			sourceTree = "<group>";
		};
		32D074A71C12CFF000582659 = {
			isa = PBXGroup;
			children = (
				32BD478E1C140990008CF712 /* Tests */,
				32D074B21C12CFF000582659 /* ThumbtackSimpleDatabase */,
				32D074B11C12CFF000582659 /* Products */,
			);
			sourceTree = "<group>";
		};
		32D074B11C12CFF000582659 /* Products */ = {
			isa = PBXGroup;
			children = (
				32D074B01C12CFF000582659 /* ThumbtackSimpleDatabase */,
			);
			name = Products;
			sourceTree = "<group>";
		};
		32D074B21C12CFF000582659 /* ThumbtackSimpleDatabase */ = {
			isa = PBXGroup;
			children = (
				32D074B31C12CFF000582659 /* main.swift */,
				32BD47901C140BF2008CF712 /* Command.swift */,
				32D074BA1C12D03400582659 /* Trie.swift */,
				326F75701C14F2A9001CF09D /* TrieNode.swift */,
				326F756E1C14F28A001CF09D /* Array+Additions.swift */,
			);
			path = ThumbtackSimpleDatabase;
			sourceTree = "<group>";
		};
/* End PBXGroup section */

/* Begin PBXNativeTarget section */
		32D074AF1C12CFF000582659 /* ThumbtackSimpleDatabase */ = {
			isa = PBXNativeTarget;
			buildConfigurationList = 32D074B71C12CFF000582659 /* Build configuration list for PBXNativeTarget "ThumbtackSimpleDatabase" */;
			buildPhases = (
				32D074AC1C12CFF000582659 /* Sources */,
				32D074AD1C12CFF000582659 /* Frameworks */,
				32D074AE1C12CFF000582659 /* CopyFiles */,
			);
			buildRules = (
			);
			dependencies = (
			);
			name = ThumbtackSimpleDatabase;
			productName = ThumbtackSimpleDatabase;
			productReference = 32D074B01C12CFF000582659 /* ThumbtackSimpleDatabase */;
			productType = "com.apple.product-type.tool";
		};
/* End PBXNativeTarget section */

/* Begin PBXProject section */
		32D074A81C12CFF000582659 /* Project object */ = {
			isa = PBXProject;
			attributes = {
				LastUpgradeCheck = 0700;
				ORGANIZATIONNAME = "Laurentiu Dascalu";
				TargetAttributes = {
					32D074AF1C12CFF000582659 = {
						CreatedOnToolsVersion = 7.0;
					};
				};
			};
			buildConfigurationList = 32D074AB1C12CFF000582659 /* Build configuration list for PBXProject "ThumbtackSimpleDatabase" */;
			compatibilityVersion = "Xcode 3.2";
			developmentRegion = English;
			hasScannedForEncodings = 0;
			knownRegions = (
				en,
			);
			mainGroup = 32D074A71C12CFF000582659;
			productRefGroup = 32D074B11C12CFF000582659 /* Products */;
			projectDirPath = "";
			projectRoot = "";
			targets = (
				32D074AF1C12CFF000582659 /* ThumbtackSimpleDatabase */,
			);
		};
/* End PBXProject section */

/* Begin PBXSourcesBuildPhase section */
		32D074AC1C12CFF000582659 /* Sources */ = {
			isa = PBXSourcesBuildPhase;
			buildActionMask = 2147483647;
			files = (
				32D074B41C12CFF000582659 /* main.swift in Sources */,
				326F756F1C14F28A001CF09D /* Array+Additions.swift in Sources */,
				326F75711C14F2A9001CF09D /* TrieNode.swift in Sources */,
				32D074BB1C12D03400582659 /* Trie.swift in Sources */,
				32BD47911C140BF2008CF712 /* Command.swift in Sources */,
			);
			runOnlyForDeploymentPostprocessing = 0;
		};
/* End PBXSourcesBuildPhase section */

/* Begin XCBuildConfiguration section */
		32D074B51C12CFF000582659 /* Debug */ = {
			isa = XCBuildConfiguration;
			buildSettings = {
				ALWAYS_SEARCH_USER_PATHS = NO;
				CLANG_CXX_LANGUAGE_STANDARD = "gnu++0x";
				CLANG_CXX_LIBRARY = "libc++";
				CLANG_ENABLE_MODULES = YES;
				CLANG_ENABLE_OBJC_ARC = YES;
				CLANG_WARN_BOOL_CONVERSION = YES;
				CLANG_WARN_CONSTANT_CONVERSION = YES;
				CLANG_WARN_DIRECT_OBJC_ISA_USAGE = YES_ERROR;
				CLANG_WARN_EMPTY_BODY = YES;
				CLANG_WARN_ENUM_CONVERSION = YES;
				CLANG_WARN_INT_CONVERSION = YES;
				CLANG_WARN_OBJC_ROOT_CLASS = YES_ERROR;
				CLANG_WARN_UNREACHABLE_CODE = YES;
				CLANG_WARN__DUPLICATE_METHOD_MATCH = YES;
				CODE_SIGN_IDENTITY = "-";
				COPY_PHASE_STRIP = NO;
				DEBUG_INFORMATION_FORMAT = dwarf;
				ENABLE_STRICT_OBJC_MSGSEND = YES;
				ENABLE_TESTABILITY = YES;
				GCC_C_LANGUAGE_STANDARD = gnu99;
				GCC_DYNAMIC_NO_PIC = NO;
				GCC_NO_COMMON_BLOCKS = YES;
				GCC_OPTIMIZATION_LEVEL = 0;
				GCC_PREPROCESSOR_DEFINITIONS = (
					"DEBUG=1",
					"$(inherited)",
				);
				GCC_WARN_64_TO_32_BIT_CONVERSION = YES;
				GCC_WARN_ABOUT_RETURN_TYPE = YES_ERROR;
				GCC_WARN_UNDECLARED_SELECTOR = YES;
				GCC_WARN_UNINITIALIZED_AUTOS = YES_AGGRESSIVE;
				GCC_WARN_UNUSED_FUNCTION = YES;
				GCC_WARN_UNUSED_VARIABLE = YES;
				MACOSX_DEPLOYMENT_TARGET = 10.10;
				MTL_ENABLE_DEBUG_INFO = YES;
				ONLY_ACTIVE_ARCH = YES;
				SDKROOT = macosx;
				SWIFT_OPTIMIZATION_LEVEL = "-Onone";
			};
			name = Debug;
		};
		32D074B61C12CFF000582659 /* Release */ = {
			isa = XCBuildConfiguration;
			buildSettings = {
				ALWAYS_SEARCH_USER_PATHS = NO;
				CLANG_CXX_LANGUAGE_STANDARD = "gnu++0x";
				CLANG_CXX_LIBRARY = "libc++";
				CLANG_ENABLE_MODULES = YES;
				CLANG_ENABLE_OBJC_ARC = YES;
				CLANG_WARN_BOOL_CONVERSION = YES;
				CLANG_WARN_CONSTANT_CONVERSION = YES;
				CLANG_WARN_DIRECT_OBJC_ISA_USAGE = YES_ERROR;
				CLANG_WARN_EMPTY_BODY = YES;
				CLANG_WARN_ENUM_CONVERSION = YES;
				CLANG_WARN_INT_CONVERSION = YES;
				CLANG_WARN_OBJC_ROOT_CLASS = YES_ERROR;
				CLANG_WARN_UNREACHABLE_CODE = YES;
				CLANG_WARN__DUPLICATE_METHOD_MATCH = YES;
				CODE_SIGN_IDENTITY = "-";
				COPY_PHASE_STRIP = NO;
				DEBUG_INFORMATION_FORMAT = "dwarf-with-dsym";
				ENABLE_NS_ASSERTIONS = NO;
				ENABLE_STRICT_OBJC_MSGSEND = YES;
				GCC_C_LANGUAGE_STANDARD = gnu99;
				GCC_NO_COMMON_BLOCKS = YES;
				GCC_WARN_64_TO_32_BIT_CONVERSION = YES;
				GCC_WARN_ABOUT_RETURN_TYPE = YES_ERROR;
				GCC_WARN_UNDECLARED_SELECTOR = YES;
				GCC_WARN_UNINITIALIZED_AUTOS = YES_AGGRESSIVE;
				GCC_WARN_UNUSED_FUNCTION = YES;
				GCC_WARN_UNUSED_VARIABLE = YES;
				MACOSX_DEPLOYMENT_TARGET = 10.10;
				MTL_ENABLE_DEBUG_INFO = NO;
				SDKROOT = macosx;
			};
			name = Release;
		};
		32D074B81C12CFF000582659 /* Debug */ = {
			isa = XCBuildConfiguration;
			buildSettings = {
				PRODUCT_NAME = "$(TARGET_NAME)";
			};
			name = Debug;
		};
		32D074B91C12CFF000582659 /* Release */ = {
			isa = XCBuildConfiguration;
			buildSettings = {
				PRODUCT_NAME = "$(TARGET_NAME)";
			};
			name = Release;
		};
/* End XCBuildConfiguration section */

/* Begin XCConfigurationList section */
		32D074AB1C12CFF000582659 /* Build configuration list for PBXProject "ThumbtackSimpleDatabase" */ = {
			isa = XCConfigurationList;
			buildConfigurations = (
				32D074B51C12CFF000582659 /* Debug */,
				32D074B61C12CFF000582659 /* Release */,
			);
			defaultConfigurationIsVisible = 0;
			defaultConfigurationName = Release;
		};
		32D074B71C12CFF000582659 /* Build configuration list for PBXNativeTarget "ThumbtackSimpleDatabase" */ = {
			isa = XCConfigurationList;
			buildConfigurations = (
				32D074B81C12CFF000582659 /* Debug */,
				32D074B91C12CFF000582659 /* Release */,
			);
			defaultConfigurationIsVisible = 0;
			defaultConfigurationName = Release;
		};
/* End XCConfigurationList section */
	};
	rootObject = 32D074A81C12CFF000582659 /* Project object */;
}
